
Microsoft Visual Studio Solution File, Format Version 12.00
# Visual Studio Version 17
VisualStudioVersion = 17.0.31903.59
MinimumVisualStudioVersion = 10.0.40219.1
Project("{FAE04EC0-301F-11D3-BF4B-00C04F79EFBC}") = "Utils", "Utils\Utils.csproj", "{61171351-DC70-4CE9-AC9A-B6245A9B96CB}"
EndProject
Project("{FAE04EC0-301F-11D3-BF4B-00C04F79EFBC}") = "Euler1", "Euler1\Euler1.csproj", "{B7D243C2-90D6-4C1B-A4B0-92E968F7D5EE}"
EndProject
Project("{FAE04EC0-301F-11D3-BF4B-00C04F79EFBC}") = "Euler2", "Euler2\Euler2.csproj", "{7AD1EDA9-735B-4B27-A874-D5C1F441D1D6}"
EndProject
Project("{FAE04EC0-301F-11D3-BF4B-00C04F79EFBC}") = "Euler3", "Euler3\Euler3.csproj", "{2E25F3D7-7961-4FD7-AE0D-BDDCE0603333}"
EndProject
Project("{FAE04EC0-301F-11D3-BF4B-00C04F79EFBC}") = "Euler4", "Euler4\Euler4.csproj", "{63FD3A56-9099-4AF5-AFDE-43D6FA69AAA9}"
EndProject
Project("{FAE04EC0-301F-11D3-BF4B-00C04F79EFBC}") = "Euler5", "Euler5\Euler5.csproj", "{B80E65EB-0E94-4E63-86DF-3935E8A9DAAA}"
EndProject
Project("{FAE04EC0-301F-11D3-BF4B-00C04F79EFBC}") = "Euler6", "Euler6\Euler6.csproj", "{97FF58B3-DCC6-4EEC-9506-CFD8A02CFB3F}"
EndProject
Project("{FAE04EC0-301F-11D3-BF4B-00C04F79EFBC}") = "Euler7", "Euler7\Euler7.csproj", "{CEB3D896-20E9-44CE-9366-65CFBB77A609}"
EndProject
Project("{FAE04EC0-301F-11D3-BF4B-00C04F79EFBC}") = "Euler8", "Euler8\Euler8.csproj", "{90A869B6-2683-4CBB-AA1D-AE54250A9A2F}"
EndProject
Project("{FAE04EC0-301F-11D3-BF4B-00C04F79EFBC}") = "Euler9", "Euler9\Euler9.csproj", "{6964B2FF-9004-4907-BFD1-A156AAF5534E}"
EndProject
Project("{FAE04EC0-301F-11D3-BF4B-00C04F79EFBC}") = "Euler10", "Euler10\Euler10.csproj", "{A136FC07-5CF9-4BD3-B285-BFF551564BB5}"
EndProject
Project("{FAE04EC0-301F-11D3-BF4B-00C04F79EFBC}") = "Euler11", "Euler11\Euler11.csproj", "{8E1AC92D-986C-4232-93AB-E31DAF13C436}"
EndProject
Project("{FAE04EC0-301F-11D3-BF4B-00C04F79EFBC}") = "Euler12", "Euler12\Euler12.csproj", "{AFF1ABF8-C93B-47CD-B18F-4FC8BE0912E8}"
EndProject
Project("{FAE04EC0-301F-11D3-BF4B-00C04F79EFBC}") = "Euler13", "Euler13\Euler13.csproj", "{6F76BA58-6B91-4CC4-8F7D-4EFC237920FD}"
EndProject
Project("{FAE04EC0-301F-11D3-BF4B-00C04F79EFBC}") = "Euler14", "Euler14\Euler14.csproj", "{7084748A-9FCE-4B40-8806-7D5082BB274A}"
EndProject
Project("{FAE04EC0-301F-11D3-BF4B-00C04F79EFBC}") = "Euler15", "Euler15\Euler15.csproj", "{7D32565B-F123-4571-AD76-5DDB82009A2E}"
EndProject
Project("{FAE04EC0-301F-11D3-BF4B-00C04F79EFBC}") = "Euler16", "Euler16\Euler16.csproj", "{D09AFB81-26A8-4B21-B4F6-8EF608C69C44}"
EndProject
Project("{FAE04EC0-301F-11D3-BF4B-00C04F79EFBC}") = "Euler17", "Euler17\Euler17.csproj", "{10BDDDAD-EA42-46D0-B832-BAB0EEE12250}"
EndProject
Project("{FAE04EC0-301F-11D3-BF4B-00C04F79EFBC}") = "Euler18", "Euler18\Euler18.csproj", "{6BD4E459-BF26-4DB7-B628-E3A7EA97AB00}"
EndProject
Project("{FAE04EC0-301F-11D3-BF4B-00C04F79EFBC}") = "Euler19", "Euler19\Euler19.csproj", "{3324A3BD-A4EF-40F7-9C34-2E8A32EC449F}"
EndProject
Project("{FAE04EC0-301F-11D3-BF4B-00C04F79EFBC}") = "Euler20", "Euler20\Euler20.csproj", "{4EBA1A89-1075-4DC1-B42B-9B9E510221E2}"
EndProject
Project("{FAE04EC0-301F-11D3-BF4B-00C04F79EFBC}") = "Euler21", "Euler21\Euler21.csproj", "{CA7CE9CE-574A-4170-B834-E8EFF477C9DA}"
EndProject
Project("{FAE04EC0-301F-11D3-BF4B-00C04F79EFBC}") = "Euler22", "Euler22\Euler22.csproj", "{A7403A82-8364-4BBD-9724-9A3D9809F52F}"
EndProject
Project("{FAE04EC0-301F-11D3-BF4B-00C04F79EFBC}") = "Euler23", "Euler23\Euler23.csproj", "{A3038ED2-E50C-4037-B6B1-7D9930F70EE0}"
EndProject
Project("{FAE04EC0-301F-11D3-BF4B-00C04F79EFBC}") = "Euler24", "Euler24\Euler24.csproj", "{2DDF0C6B-4685-47E6-AADF-C9471227EDE8}"
EndProject
Project("{FAE04EC0-301F-11D3-BF4B-00C04F79EFBC}") = "Euler25", "Euler25\Euler25.csproj", "{48CAFEFE-3FA0-4A00-A554-D864AE42B59C}"
EndProject
Project("{FAE04EC0-301F-11D3-BF4B-00C04F79EFBC}") = "Euler26", "Euler26\Euler26.csproj", "{D74551CB-7DA4-4B5F-9501-767EE3AEAC7F}"
EndProject
Project("{FAE04EC0-301F-11D3-BF4B-00C04F79EFBC}") = "Euler27", "Euler27\Euler27.csproj", "{24D6BC2F-1B68-440A-8FEB-B6FA8D2BF169}"
EndProject
Project("{FAE04EC0-301F-11D3-BF4B-00C04F79EFBC}") = "Euler28", "Euler28\Euler28.csproj", "{DB4757E2-4E9B-4020-8A0C-208E602A02E2}"
EndProject
Project("{FAE04EC0-301F-11D3-BF4B-00C04F79EFBC}") = "Euler29", "Euler29\Euler29.csproj", "{9ABBB86E-D994-45D7-A303-F2E0C7589BC1}"
EndProject
Project("{FAE04EC0-301F-11D3-BF4B-00C04F79EFBC}") = "Euler30", "Euler30\Euler30.csproj", "{ED0EB7B8-7AB6-4E70-8596-0819A016EFD4}"
EndProject
Project("{FAE04EC0-301F-11D3-BF4B-00C04F79EFBC}") = "Euler31", "Euler31\Euler31.csproj", "{7378E5BA-A091-4C22-9F5E-114F6107E268}"
EndProject
Project("{FAE04EC0-301F-11D3-BF4B-00C04F79EFBC}") = "Euler32", "Euler32\Euler32.csproj", "{2F72D733-277C-4947-BD30-294D5BC942B2}"
EndProject
Project("{FAE04EC0-301F-11D3-BF4B-00C04F79EFBC}") = "Euler33", "Euler33\Euler33.csproj", "{27F653E9-576F-494E-9916-9F42AFAA4937}"
EndProject
Project("{FAE04EC0-301F-11D3-BF4B-00C04F79EFBC}") = "Euler34", "Euler34\Euler34.csproj", "{90C64DDE-6340-46A9-8D68-24FA8A811B1B}"
EndProject
Project("{FAE04EC0-301F-11D3-BF4B-00C04F79EFBC}") = "Euler35", "Euler35\Euler35.csproj", "{56040760-FA0B-4DAD-A152-490448D123B1}"
EndProject
Project("{FAE04EC0-301F-11D3-BF4B-00C04F79EFBC}") = "Euler36", "Euler36\Euler36.csproj", "{CE61FB52-A479-4EB9-9643-283D1F2C0BE6}"
EndProject
Project("{FAE04EC0-301F-11D3-BF4B-00C04F79EFBC}") = "Euler37", "Euler37\Euler37.csproj", "{0CD8FA91-1377-4F09-9CD7-CC26B43F460E}"
EndProject
Project("{FAE04EC0-301F-11D3-BF4B-00C04F79EFBC}") = "Euler38", "Euler38\Euler38.csproj", "{39F5D1D8-CBD3-4593-9A4F-8E906CD247DF}"
EndProject
Project("{FAE04EC0-301F-11D3-BF4B-00C04F79EFBC}") = "Euler39", "Euler39\Euler39.csproj", "{F81FE63B-4F6A-4FB4-8409-1E129933048F}"
EndProject
Project("{FAE04EC0-301F-11D3-BF4B-00C04F79EFBC}") = "Euler40", "Euler40\Euler40.csproj", "{5878E770-4CE3-4C3E-B817-B9A99DE23DF6}"
EndProject
Project("{FAE04EC0-301F-11D3-BF4B-00C04F79EFBC}") = "Euler41", "Euler41\Euler41.csproj", "{353353DB-45F2-4F1B-B146-4B4BFFCD0A02}"
EndProject
Project("{FAE04EC0-301F-11D3-BF4B-00C04F79EFBC}") = "Euler42", "Euler42\Euler42.csproj", "{2DB491F6-C2AA-467D-AB6E-E36E4C9F8521}"
EndProject
Project("{FAE04EC0-301F-11D3-BF4B-00C04F79EFBC}") = "Euler43", "Euler43\Euler43.csproj", "{389D9ADB-6033-4517-B26E-E105678091A7}"
EndProject
Project("{FAE04EC0-301F-11D3-BF4B-00C04F79EFBC}") = "Euler44", "Euler44\Euler44.csproj", "{94DBC491-BD38-4C4D-A1C8-2E8A907EEC12}"
EndProject
Project("{FAE04EC0-301F-11D3-BF4B-00C04F79EFBC}") = "Euler45", "Euler45\Euler45.csproj", "{5FAF9F68-6227-4C24-BA11-A88D127FCF37}"
EndProject
Project("{FAE04EC0-301F-11D3-BF4B-00C04F79EFBC}") = "Euler46", "Euler46\Euler46.csproj", "{17D378A3-D399-47EA-B412-BBD846A179CE}"
EndProject
Project("{FAE04EC0-301F-11D3-BF4B-00C04F79EFBC}") = "Euler47", "Euler47\Euler47.csproj", "{EF71A30E-091F-4916-96AA-CEC771A96ACA}"
EndProject
Project("{FAE04EC0-301F-11D3-BF4B-00C04F79EFBC}") = "Euler48", "Euler48\Euler48.csproj", "{0DF86EE4-DCA6-4B12-8CFD-0ED7EBA5B4CC}"
EndProject
Project("{FAE04EC0-301F-11D3-BF4B-00C04F79EFBC}") = "Euler49", "Euler49\Euler49.csproj", "{6BC9C6E0-D1D0-406D-8718-8202C827BD89}"
EndProject
Project("{FAE04EC0-301F-11D3-BF4B-00C04F79EFBC}") = "Euler50", "Euler50\Euler50.csproj", "{EAC681AE-7BDF-4A00-B292-A62CDF5EBD2F}"
EndProject
Project("{FAE04EC0-301F-11D3-BF4B-00C04F79EFBC}") = "Euler51", "Euler51\Euler51.csproj", "{76092AE5-868C-4231-AE6E-3FCEA2C6D8AA}"
EndProject
Project("{FAE04EC0-301F-11D3-BF4B-00C04F79EFBC}") = "Euler52", "Euler52\Euler52.csproj", "{1F60F59E-7AE1-49F1-961D-AAF532A1E639}"
EndProject
Project("{FAE04EC0-301F-11D3-BF4B-00C04F79EFBC}") = "Euler53", "Euler53\Euler53.csproj", "{9EC4DCE6-7953-41DD-AA82-63E5189F6433}"
EndProject
Project("{FAE04EC0-301F-11D3-BF4B-00C04F79EFBC}") = "Euler54", "Euler54\Euler54.csproj", "{E7E3E9F9-F1BD-4715-AB2D-19B4BC6956F2}"
EndProject
Project("{FAE04EC0-301F-11D3-BF4B-00C04F79EFBC}") = "Euler55", "Euler55\Euler55.csproj", "{49DD19AB-C3BD-41CE-B144-C80F1B5DD8D5}"
EndProject
Project("{FAE04EC0-301F-11D3-BF4B-00C04F79EFBC}") = "Euler56", "Euler56\Euler56.csproj", "{8EACA1CE-8D77-4C05-8B55-25194FB8420B}"
EndProject
Project("{FAE04EC0-301F-11D3-BF4B-00C04F79EFBC}") = "Euler57", "Euler57\Euler57.csproj", "{D48D3A46-5537-44D1-868D-34BC24F9164E}"
EndProject
Project("{FAE04EC0-301F-11D3-BF4B-00C04F79EFBC}") = "Euler58", "Euler58\Euler58.csproj", "{0C363DCF-2F6C-48FE-9C9B-8579D15D1A48}"
EndProject
Project("{FAE04EC0-301F-11D3-BF4B-00C04F79EFBC}") = "Euler59", "Euler59\Euler59.csproj", "{2C10123C-371B-4DA6-BAA1-FFD29D6708E7}"
EndProject
Project("{FAE04EC0-301F-11D3-BF4B-00C04F79EFBC}") = "Euler60", "Euler60\Euler60.csproj", "{8BB78EBF-D74D-4805-8447-0F1632A60BFF}"
EndProject
Project("{FAE04EC0-301F-11D3-BF4B-00C04F79EFBC}") = "Euler61", "Euler61\Euler61.csproj", "{FCFBC107-309E-4721-817B-22B7E68FB6A9}"
EndProject
Project("{FAE04EC0-301F-11D3-BF4B-00C04F79EFBC}") = "Euler62", "Euler62\Euler62.csproj", "{266F2B0A-BF83-4779-8B96-82C6519D5CF8}"
EndProject
Project("{FAE04EC0-301F-11D3-BF4B-00C04F79EFBC}") = "Euler63", "Euler63\Euler63.csproj", "{92D01211-EF29-4356-A4FB-BD97FC027180}"
EndProject
Project("{FAE04EC0-301F-11D3-BF4B-00C04F79EFBC}") = "Euler64", "Euler64\Euler64.csproj", "{F9821361-70AE-4ED3-B596-874F95487545}"
EndProject
Project("{FAE04EC0-301F-11D3-BF4B-00C04F79EFBC}") = "Euler65", "Euler65\Euler65.csproj", "{5D0CFBC0-478D-4048-9737-DE26712C5DF1}"
EndProject
Project("{FAE04EC0-301F-11D3-BF4B-00C04F79EFBC}") = "Euler66", "Euler66\Euler66.csproj", "{08A5BC6D-6C77-489B-8E5A-74AE5002B120}"
EndProject
Project("{FAE04EC0-301F-11D3-BF4B-00C04F79EFBC}") = "Euler67", "Euler67\Euler67.csproj", "{15EB54DC-C429-4C28-A439-A2D88BF79FF3}"
EndProject
Project("{FAE04EC0-301F-11D3-BF4B-00C04F79EFBC}") = "Euler68", "Euler68\Euler68.csproj", "{CD8531DB-36D3-4A06-998B-5AAE66161F2E}"
EndProject
Project("{FAE04EC0-301F-11D3-BF4B-00C04F79EFBC}") = "Euler69", "Euler69\Euler69.csproj", "{E3799FB0-2C3A-4B09-A7FE-E12D3E76D9D0}"
EndProject
Project("{FAE04EC0-301F-11D3-BF4B-00C04F79EFBC}") = "Euler70", "Euler70\Euler70.csproj", "{A61541D0-48DC-4C95-8A54-540F41D05E74}"
EndProject
Project("{FAE04EC0-301F-11D3-BF4B-00C04F79EFBC}") = "Euler71", "Euler71\Euler71.csproj", "{3075C417-C726-493E-AD2E-46D748FB5F70}"
EndProject
Project("{FAE04EC0-301F-11D3-BF4B-00C04F79EFBC}") = "Euler72", "Euler72\Euler72.csproj", "{D7E9C9F6-8630-4692-B2AD-B698D822FFCC}"
EndProject
Project("{FAE04EC0-301F-11D3-BF4B-00C04F79EFBC}") = "Euler73", "Euler73\Euler73.csproj", "{F3969F05-6A4E-4340-9A17-007A7F96BACF}"
EndProject
Project("{FAE04EC0-301F-11D3-BF4B-00C04F79EFBC}") = "Euler74", "Euler74\Euler74.csproj", "{495A6091-1318-439D-A542-CC1DD19FC64C}"
EndProject
Project("{FAE04EC0-301F-11D3-BF4B-00C04F79EFBC}") = "Euler75", "Euler75\Euler75.csproj", "{F7F296CE-7D24-4F83-86C4-78A47DA8F883}"
EndProject
Project("{FAE04EC0-301F-11D3-BF4B-00C04F79EFBC}") = "Euler76", "Euler76\Euler76.csproj", "{C5D54C57-199E-42A9-90DE-2C3D9F910800}"
EndProject
Project("{FAE04EC0-301F-11D3-BF4B-00C04F79EFBC}") = "Euler77", "Euler77\Euler77.csproj", "{A7883EF6-0368-4C86-8F27-EE56BF81FD91}"
EndProject
Project("{FAE04EC0-301F-11D3-BF4B-00C04F79EFBC}") = "Euler78", "Euler78\Euler78.csproj", "{7A7ECD89-E4FA-4F19-9DEE-05886146699C}"
EndProject
Project("{FAE04EC0-301F-11D3-BF4B-00C04F79EFBC}") = "Euler79", "Euler79\Euler79.csproj", "{3ACB792A-210C-4665-BA2D-46CCC574B089}"
EndProject
Project("{FAE04EC0-301F-11D3-BF4B-00C04F79EFBC}") = "Euler80", "Euler80\Euler80.csproj", "{25FFF627-AAEB-4D1D-9787-A09DC9EA6FF5}"
EndProject
Project("{FAE04EC0-301F-11D3-BF4B-00C04F79EFBC}") = "Euler81", "Euler81\Euler81.csproj", "{1E0A0109-1369-462A-B716-0506EB9217D4}"
EndProject
Project("{FAE04EC0-301F-11D3-BF4B-00C04F79EFBC}") = "Euler82", "Euler82\Euler82.csproj", "{FA08CDD8-1868-4B90-BAF3-6EE014FC2F45}"
EndProject
Project("{FAE04EC0-301F-11D3-BF4B-00C04F79EFBC}") = "Euler83", "Euler83\Euler83.csproj", "{A68B9757-4BB8-408A-9E73-027A7CD343E4}"
EndProject
Project("{FAE04EC0-301F-11D3-BF4B-00C04F79EFBC}") = "Euler84", "Euler84\Euler84.csproj", "{8E819079-82B5-495F-BC0C-03D6D882F0C9}"
EndProject
Project("{FAE04EC0-301F-11D3-BF4B-00C04F79EFBC}") = "Euler85", "Euler85\Euler85.csproj", "{DA2AB073-F926-4293-B56F-0987DFBC33B9}"
EndProject
Project("{FAE04EC0-301F-11D3-BF4B-00C04F79EFBC}") = "Euler86", "Euler86\Euler86.csproj", "{97E7CB7A-94B0-494B-9DBB-E188FFB834F2}"
EndProject
Project("{FAE04EC0-301F-11D3-BF4B-00C04F79EFBC}") = "Euler87", "Euler87\Euler87.csproj", "{4C361AA6-101D-4ADE-B2C7-E79D5C9319AF}"
EndProject
Project("{FAE04EC0-301F-11D3-BF4B-00C04F79EFBC}") = "Euler88", "Euler88\Euler88.csproj", "{860634E6-7FF8-4B8A-A422-7209FEDF020A}"
EndProject
Project("{FAE04EC0-301F-11D3-BF4B-00C04F79EFBC}") = "Euler89", "Euler89\Euler89.csproj", "{30F4C096-37D8-4DE8-A472-D03643020558}"
EndProject
Project("{FAE04EC0-301F-11D3-BF4B-00C04F79EFBC}") = "Euler90", "Euler90\Euler90.csproj", "{039C371E-240E-42C6-A462-9E3082E51A9E}"
EndProject
Project("{FAE04EC0-301F-11D3-BF4B-00C04F79EFBC}") = "Euler91", "Euler91\Euler91.csproj", "{CBA0024B-5C36-4E73-A0CB-F6A7AAB6BA4E}"
EndProject
Project("{FAE04EC0-301F-11D3-BF4B-00C04F79EFBC}") = "Euler92", "Euler92\Euler92.csproj", "{8B2F67F0-C75E-4134-9C3B-96C6699908AF}"
EndProject
Project("{FAE04EC0-301F-11D3-BF4B-00C04F79EFBC}") = "Euler93", "Euler93\Euler93.csproj", "{D9146C8F-6B3D-45F5-AFFE-DC60D716C032}"
EndProject
Project("{FAE04EC0-301F-11D3-BF4B-00C04F79EFBC}") = "Euler94", "Euler94\Euler94.csproj", "{25E30EBD-2A7B-4EBD-AD7E-B57CB07F3B0F}"
EndProject
Project("{FAE04EC0-301F-11D3-BF4B-00C04F79EFBC}") = "Euler95", "Euler95\Euler95.csproj", "{0AEBBD3A-4A0B-491F-A15B-68D021DC8D29}"
EndProject
Project("{FAE04EC0-301F-11D3-BF4B-00C04F79EFBC}") = "Euler96", "Euler96\Euler96.csproj", "{AD85E038-8517-4E08-8038-CEAC39F5B396}"
EndProject
Project("{FAE04EC0-301F-11D3-BF4B-00C04F79EFBC}") = "Euler97", "Euler97\Euler97.csproj", "{D2681FD5-4AA6-4A51-A9E4-304BE8128558}"
EndProject
Project("{FAE04EC0-301F-11D3-BF4B-00C04F79EFBC}") = "Euler98", "Euler98\Euler98.csproj", "{11EBA036-75B6-4D32-B73C-B8628B9A870C}"
EndProject
Project("{FAE04EC0-301F-11D3-BF4B-00C04F79EFBC}") = "Euler99", "Euler99\Euler99.csproj", "{9F50D43F-79E3-45AC-9D13-F54A6A7E65A6}"
EndProject
Project("{FAE04EC0-301F-11D3-BF4B-00C04F79EFBC}") = "Euler100", "Euler100\Euler100.csproj", "{612FC0A1-766D-450F-922D-A54CE7F73D06}"
EndProject
Project("{FAE04EC0-301F-11D3-BF4B-00C04F79EFBC}") = "Euler101", "Euler101\Euler101.csproj", "{1A65D9EC-F677-4676-A164-7B44D3FAE74A}"
EndProject
Project("{FAE04EC0-301F-11D3-BF4B-00C04F79EFBC}") = "Euler102", "Euler102\Euler102.csproj", "{5A05C2BB-7A4B-43F0-AF69-3F2BEBF01323}"
EndProject
Project("{FAE04EC0-301F-11D3-BF4B-00C04F79EFBC}") = "Euler103", "Euler103\Euler103.csproj", "{D9146EAC-7CFA-4B1F-BDBB-3B5E10CCA543}"
EndProject
Project("{FAE04EC0-301F-11D3-BF4B-00C04F79EFBC}") = "Euler104", "Euler104\Euler104.csproj", "{D08BACBD-9B69-4C16-9480-1458319D75C4}"
EndProject
Project("{FAE04EC0-301F-11D3-BF4B-00C04F79EFBC}") = "Euler105", "Euler105\Euler105.csproj", "{043A3AAA-6133-4A46-8A98-1868B0730AEF}"
EndProject
Project("{FAE04EC0-301F-11D3-BF4B-00C04F79EFBC}") = "Euler106", "Euler106\Euler106.csproj", "{D3A1E557-66A1-48A9-8782-6AE292F5F63F}"
EndProject
Project("{FAE04EC0-301F-11D3-BF4B-00C04F79EFBC}") = "Euler107", "Euler107\Euler107.csproj", "{EAEE0005-B737-4149-9212-9A65793CFC22}"
EndProject
Project("{FAE04EC0-301F-11D3-BF4B-00C04F79EFBC}") = "Euler108", "Euler108\Euler108.csproj", "{6D87B512-8024-48E0-B721-E0489D33609E}"
EndProject
Project("{FAE04EC0-301F-11D3-BF4B-00C04F79EFBC}") = "Euler109", "Euler109\Euler109.csproj", "{75E1CC5D-E443-495B-9584-4B2B0A4DAD90}"
EndProject
Project("{FAE04EC0-301F-11D3-BF4B-00C04F79EFBC}") = "Euler110", "Euler110\Euler110.csproj", "{2E0253E9-E8B5-4786-B533-A0601EA39281}"
EndProject
Project("{FAE04EC0-301F-11D3-BF4B-00C04F79EFBC}") = "Euler111", "Euler111\Euler111.csproj", "{CBF9E0CE-35A3-4185-912C-B3670F24797A}"
EndProject
Project("{FAE04EC0-301F-11D3-BF4B-00C04F79EFBC}") = "Euler112", "Euler112\Euler112.csproj", "{9B928516-92CA-4DCF-9689-FFC14F1F3617}"
EndProject
Project("{FAE04EC0-301F-11D3-BF4B-00C04F79EFBC}") = "Euler113", "Euler113\Euler113.csproj", "{86FC3FFC-6C0E-4CE3-8DDC-1D133F021EEE}"
EndProject
Project("{FAE04EC0-301F-11D3-BF4B-00C04F79EFBC}") = "Euler114", "Euler114\Euler114.csproj", "{619D6EC0-9604-4573-AFD3-7B561E292623}"
EndProject
Project("{FAE04EC0-301F-11D3-BF4B-00C04F79EFBC}") = "Euler115", "Euler115\Euler115.csproj", "{1D7B7E85-FB52-4457-9F9F-2C5827301175}"
EndProject
Project("{FAE04EC0-301F-11D3-BF4B-00C04F79EFBC}") = "Euler116", "Euler116\Euler116.csproj", "{654B81FF-3472-4579-B159-389D4A4CFADE}"
EndProject
Project("{FAE04EC0-301F-11D3-BF4B-00C04F79EFBC}") = "Euler117", "Euler117\Euler117.csproj", "{37C027DF-61F2-48D5-89DE-4E525C29AEDC}"
EndProject
Project("{FAE04EC0-301F-11D3-BF4B-00C04F79EFBC}") = "Euler118", "Euler118\Euler118.csproj", "{1A8CC1FC-EA7C-46C3-9FEE-FA6F12B9D1D8}"
EndProject
Project("{FAE04EC0-301F-11D3-BF4B-00C04F79EFBC}") = "Euler119", "Euler119\Euler119.csproj", "{692F15C3-0AE4-4D1D-93D2-FC180AEB904F}"
EndProject
Project("{FAE04EC0-301F-11D3-BF4B-00C04F79EFBC}") = "Euler120", "Euler120\Euler120.csproj", "{4E544CD1-EDE7-4EFA-80C1-70505FF38B66}"
EndProject
Project("{FAE04EC0-301F-11D3-BF4B-00C04F79EFBC}") = "Euler121", "Euler121\Euler121.csproj", "{851A2015-938A-44A2-9264-C54CEE1290B3}"
EndProject
Project("{FAE04EC0-301F-11D3-BF4B-00C04F79EFBC}") = "Euler122", "Euler122\Euler122.csproj", "{0C3F93B7-D07B-46B7-A019-3A320C74C707}"
EndProject
Project("{FAE04EC0-301F-11D3-BF4B-00C04F79EFBC}") = "Euler123", "Euler123\Euler123.csproj", "{AA20AB18-6C68-4007-BBD5-5DF005782E1E}"
EndProject
Project("{FAE04EC0-301F-11D3-BF4B-00C04F79EFBC}") = "Euler124", "Euler124\Euler124.csproj", "{CC53EC45-D1B1-4664-AFD0-F5422D923890}"
EndProject
Project("{FAE04EC0-301F-11D3-BF4B-00C04F79EFBC}") = "Euler125", "Euler125\Euler125.csproj", "{EA5CB20E-FA8B-43B4-AD6A-3C4013D87E80}"
EndProject
Project("{FAE04EC0-301F-11D3-BF4B-00C04F79EFBC}") = "Euler126", "Euler126\Euler126.csproj", "{7E01A1EC-4C6C-40CE-88B3-261DAC0C0AB4}"
EndProject
Project("{FAE04EC0-301F-11D3-BF4B-00C04F79EFBC}") = "Euler127", "Euler127\Euler127.csproj", "{9445492D-D4D5-4AA7-B7B4-D3441B072D16}"
EndProject
Project("{FAE04EC0-301F-11D3-BF4B-00C04F79EFBC}") = "Euler128", "Euler128\Euler128.csproj", "{A6B3A62D-1DAF-4E58-B2FB-D2B58E133A90}"
EndProject
Project("{FAE04EC0-301F-11D3-BF4B-00C04F79EFBC}") = "Euler129", "Euler129\Euler129.csproj", "{31EDAFA1-5EB0-4A48-80C4-5AD97695751D}"
EndProject
Project("{FAE04EC0-301F-11D3-BF4B-00C04F79EFBC}") = "Euler130", "Euler130\Euler130.csproj", "{4D6FD549-C1E5-40C3-8AA3-917E699A3C3C}"
EndProject
Project("{FAE04EC0-301F-11D3-BF4B-00C04F79EFBC}") = "Euler131", "Euler131\Euler131.csproj", "{F902C19C-9712-47BF-AE8D-274CE2B4DF9E}"
EndProject
Project("{FAE04EC0-301F-11D3-BF4B-00C04F79EFBC}") = "Euler132", "Euler132\Euler132.csproj", "{0774DE9E-7827-4983-BA39-5E70F84ADAA4}"
EndProject
Project("{FAE04EC0-301F-11D3-BF4B-00C04F79EFBC}") = "Euler133", "Euler133\Euler133.csproj", "{59BDCFAE-B8AD-4355-808B-EA122DDB0D6E}"
EndProject
Global
	GlobalSection(SolutionConfigurationPlatforms) = preSolution
		Debug|Any CPU = Debug|Any CPU
		Release|Any CPU = Release|Any CPU
	EndGlobalSection
	GlobalSection(SolutionProperties) = preSolution
		HideSolutionNode = FALSE
	EndGlobalSection
	GlobalSection(ProjectConfigurationPlatforms) = postSolution
		{61171351-DC70-4CE9-AC9A-B6245A9B96CB}.Debug|Any CPU.ActiveCfg = Debug|Any CPU
		{61171351-DC70-4CE9-AC9A-B6245A9B96CB}.Debug|Any CPU.Build.0 = Debug|Any CPU
		{61171351-DC70-4CE9-AC9A-B6245A9B96CB}.Release|Any CPU.ActiveCfg = Release|Any CPU
		{61171351-DC70-4CE9-AC9A-B6245A9B96CB}.Release|Any CPU.Build.0 = Release|Any CPU
		{B7D243C2-90D6-4C1B-A4B0-92E968F7D5EE}.Debug|Any CPU.ActiveCfg = Debug|Any CPU
		{B7D243C2-90D6-4C1B-A4B0-92E968F7D5EE}.Debug|Any CPU.Build.0 = Debug|Any CPU
		{B7D243C2-90D6-4C1B-A4B0-92E968F7D5EE}.Release|Any CPU.ActiveCfg = Release|Any CPU
		{B7D243C2-90D6-4C1B-A4B0-92E968F7D5EE}.Release|Any CPU.Build.0 = Release|Any CPU
		{7AD1EDA9-735B-4B27-A874-D5C1F441D1D6}.Debug|Any CPU.ActiveCfg = Debug|Any CPU
		{7AD1EDA9-735B-4B27-A874-D5C1F441D1D6}.Debug|Any CPU.Build.0 = Debug|Any CPU
		{7AD1EDA9-735B-4B27-A874-D5C1F441D1D6}.Release|Any CPU.ActiveCfg = Release|Any CPU
		{7AD1EDA9-735B-4B27-A874-D5C1F441D1D6}.Release|Any CPU.Build.0 = Release|Any CPU
		{2E25F3D7-7961-4FD7-AE0D-BDDCE0603333}.Debug|Any CPU.ActiveCfg = Debug|Any CPU
		{2E25F3D7-7961-4FD7-AE0D-BDDCE0603333}.Debug|Any CPU.Build.0 = Debug|Any CPU
		{2E25F3D7-7961-4FD7-AE0D-BDDCE0603333}.Release|Any CPU.ActiveCfg = Release|Any CPU
		{2E25F3D7-7961-4FD7-AE0D-BDDCE0603333}.Release|Any CPU.Build.0 = Release|Any CPU
		{63FD3A56-9099-4AF5-AFDE-43D6FA69AAA9}.Debug|Any CPU.ActiveCfg = Debug|Any CPU
		{63FD3A56-9099-4AF5-AFDE-43D6FA69AAA9}.Debug|Any CPU.Build.0 = Debug|Any CPU
		{63FD3A56-9099-4AF5-AFDE-43D6FA69AAA9}.Release|Any CPU.ActiveCfg = Release|Any CPU
		{63FD3A56-9099-4AF5-AFDE-43D6FA69AAA9}.Release|Any CPU.Build.0 = Release|Any CPU
		{B80E65EB-0E94-4E63-86DF-3935E8A9DAAA}.Debug|Any CPU.ActiveCfg = Debug|Any CPU
		{B80E65EB-0E94-4E63-86DF-3935E8A9DAAA}.Debug|Any CPU.Build.0 = Debug|Any CPU
		{B80E65EB-0E94-4E63-86DF-3935E8A9DAAA}.Release|Any CPU.ActiveCfg = Release|Any CPU
		{B80E65EB-0E94-4E63-86DF-3935E8A9DAAA}.Release|Any CPU.Build.0 = Release|Any CPU
		{97FF58B3-DCC6-4EEC-9506-CFD8A02CFB3F}.Debug|Any CPU.ActiveCfg = Debug|Any CPU
		{97FF58B3-DCC6-4EEC-9506-CFD8A02CFB3F}.Debug|Any CPU.Build.0 = Debug|Any CPU
		{97FF58B3-DCC6-4EEC-9506-CFD8A02CFB3F}.Release|Any CPU.ActiveCfg = Release|Any CPU
		{97FF58B3-DCC6-4EEC-9506-CFD8A02CFB3F}.Release|Any CPU.Build.0 = Release|Any CPU
		{CEB3D896-20E9-44CE-9366-65CFBB77A609}.Debug|Any CPU.ActiveCfg = Debug|Any CPU
		{CEB3D896-20E9-44CE-9366-65CFBB77A609}.Debug|Any CPU.Build.0 = Debug|Any CPU
		{CEB3D896-20E9-44CE-9366-65CFBB77A609}.Release|Any CPU.ActiveCfg = Release|Any CPU
		{CEB3D896-20E9-44CE-9366-65CFBB77A609}.Release|Any CPU.Build.0 = Release|Any CPU
		{90A869B6-2683-4CBB-AA1D-AE54250A9A2F}.Debug|Any CPU.ActiveCfg = Debug|Any CPU
		{90A869B6-2683-4CBB-AA1D-AE54250A9A2F}.Debug|Any CPU.Build.0 = Debug|Any CPU
		{90A869B6-2683-4CBB-AA1D-AE54250A9A2F}.Release|Any CPU.ActiveCfg = Release|Any CPU
		{90A869B6-2683-4CBB-AA1D-AE54250A9A2F}.Release|Any CPU.Build.0 = Release|Any CPU
		{6964B2FF-9004-4907-BFD1-A156AAF5534E}.Debug|Any CPU.ActiveCfg = Debug|Any CPU
		{6964B2FF-9004-4907-BFD1-A156AAF5534E}.Debug|Any CPU.Build.0 = Debug|Any CPU
		{6964B2FF-9004-4907-BFD1-A156AAF5534E}.Release|Any CPU.ActiveCfg = Release|Any CPU
		{6964B2FF-9004-4907-BFD1-A156AAF5534E}.Release|Any CPU.Build.0 = Release|Any CPU
		{A136FC07-5CF9-4BD3-B285-BFF551564BB5}.Debug|Any CPU.ActiveCfg = Debug|Any CPU
		{A136FC07-5CF9-4BD3-B285-BFF551564BB5}.Debug|Any CPU.Build.0 = Debug|Any CPU
		{A136FC07-5CF9-4BD3-B285-BFF551564BB5}.Release|Any CPU.ActiveCfg = Release|Any CPU
		{A136FC07-5CF9-4BD3-B285-BFF551564BB5}.Release|Any CPU.Build.0 = Release|Any CPU
		{8E1AC92D-986C-4232-93AB-E31DAF13C436}.Debug|Any CPU.ActiveCfg = Debug|Any CPU
		{8E1AC92D-986C-4232-93AB-E31DAF13C436}.Debug|Any CPU.Build.0 = Debug|Any CPU
		{8E1AC92D-986C-4232-93AB-E31DAF13C436}.Release|Any CPU.ActiveCfg = Release|Any CPU
		{8E1AC92D-986C-4232-93AB-E31DAF13C436}.Release|Any CPU.Build.0 = Release|Any CPU
		{AFF1ABF8-C93B-47CD-B18F-4FC8BE0912E8}.Debug|Any CPU.ActiveCfg = Debug|Any CPU
		{AFF1ABF8-C93B-47CD-B18F-4FC8BE0912E8}.Debug|Any CPU.Build.0 = Debug|Any CPU
		{AFF1ABF8-C93B-47CD-B18F-4FC8BE0912E8}.Release|Any CPU.ActiveCfg = Release|Any CPU
		{AFF1ABF8-C93B-47CD-B18F-4FC8BE0912E8}.Release|Any CPU.Build.0 = Release|Any CPU
		{6F76BA58-6B91-4CC4-8F7D-4EFC237920FD}.Debug|Any CPU.ActiveCfg = Debug|Any CPU
		{6F76BA58-6B91-4CC4-8F7D-4EFC237920FD}.Debug|Any CPU.Build.0 = Debug|Any CPU
		{6F76BA58-6B91-4CC4-8F7D-4EFC237920FD}.Release|Any CPU.ActiveCfg = Release|Any CPU
		{6F76BA58-6B91-4CC4-8F7D-4EFC237920FD}.Release|Any CPU.Build.0 = Release|Any CPU
		{7084748A-9FCE-4B40-8806-7D5082BB274A}.Debug|Any CPU.ActiveCfg = Debug|Any CPU
		{7084748A-9FCE-4B40-8806-7D5082BB274A}.Debug|Any CPU.Build.0 = Debug|Any CPU
		{7084748A-9FCE-4B40-8806-7D5082BB274A}.Release|Any CPU.ActiveCfg = Release|Any CPU
		{7084748A-9FCE-4B40-8806-7D5082BB274A}.Release|Any CPU.Build.0 = Release|Any CPU
		{7D32565B-F123-4571-AD76-5DDB82009A2E}.Debug|Any CPU.ActiveCfg = Debug|Any CPU
		{7D32565B-F123-4571-AD76-5DDB82009A2E}.Debug|Any CPU.Build.0 = Debug|Any CPU
		{7D32565B-F123-4571-AD76-5DDB82009A2E}.Release|Any CPU.ActiveCfg = Release|Any CPU
		{7D32565B-F123-4571-AD76-5DDB82009A2E}.Release|Any CPU.Build.0 = Release|Any CPU
		{D09AFB81-26A8-4B21-B4F6-8EF608C69C44}.Debug|Any CPU.ActiveCfg = Debug|Any CPU
		{D09AFB81-26A8-4B21-B4F6-8EF608C69C44}.Debug|Any CPU.Build.0 = Debug|Any CPU
		{D09AFB81-26A8-4B21-B4F6-8EF608C69C44}.Release|Any CPU.ActiveCfg = Release|Any CPU
		{D09AFB81-26A8-4B21-B4F6-8EF608C69C44}.Release|Any CPU.Build.0 = Release|Any CPU
		{10BDDDAD-EA42-46D0-B832-BAB0EEE12250}.Debug|Any CPU.ActiveCfg = Debug|Any CPU
		{10BDDDAD-EA42-46D0-B832-BAB0EEE12250}.Debug|Any CPU.Build.0 = Debug|Any CPU
		{10BDDDAD-EA42-46D0-B832-BAB0EEE12250}.Release|Any CPU.ActiveCfg = Release|Any CPU
		{10BDDDAD-EA42-46D0-B832-BAB0EEE12250}.Release|Any CPU.Build.0 = Release|Any CPU
		{6BD4E459-BF26-4DB7-B628-E3A7EA97AB00}.Debug|Any CPU.ActiveCfg = Debug|Any CPU
		{6BD4E459-BF26-4DB7-B628-E3A7EA97AB00}.Debug|Any CPU.Build.0 = Debug|Any CPU
		{6BD4E459-BF26-4DB7-B628-E3A7EA97AB00}.Release|Any CPU.ActiveCfg = Release|Any CPU
		{6BD4E459-BF26-4DB7-B628-E3A7EA97AB00}.Release|Any CPU.Build.0 = Release|Any CPU
		{3324A3BD-A4EF-40F7-9C34-2E8A32EC449F}.Debug|Any CPU.ActiveCfg = Debug|Any CPU
		{3324A3BD-A4EF-40F7-9C34-2E8A32EC449F}.Debug|Any CPU.Build.0 = Debug|Any CPU
		{3324A3BD-A4EF-40F7-9C34-2E8A32EC449F}.Release|Any CPU.ActiveCfg = Release|Any CPU
		{3324A3BD-A4EF-40F7-9C34-2E8A32EC449F}.Release|Any CPU.Build.0 = Release|Any CPU
		{4EBA1A89-1075-4DC1-B42B-9B9E510221E2}.Debug|Any CPU.ActiveCfg = Debug|Any CPU
		{4EBA1A89-1075-4DC1-B42B-9B9E510221E2}.Debug|Any CPU.Build.0 = Debug|Any CPU
		{4EBA1A89-1075-4DC1-B42B-9B9E510221E2}.Release|Any CPU.ActiveCfg = Release|Any CPU
		{4EBA1A89-1075-4DC1-B42B-9B9E510221E2}.Release|Any CPU.Build.0 = Release|Any CPU
		{CA7CE9CE-574A-4170-B834-E8EFF477C9DA}.Debug|Any CPU.ActiveCfg = Debug|Any CPU
		{CA7CE9CE-574A-4170-B834-E8EFF477C9DA}.Debug|Any CPU.Build.0 = Debug|Any CPU
		{CA7CE9CE-574A-4170-B834-E8EFF477C9DA}.Release|Any CPU.ActiveCfg = Release|Any CPU
		{CA7CE9CE-574A-4170-B834-E8EFF477C9DA}.Release|Any CPU.Build.0 = Release|Any CPU
		{A7403A82-8364-4BBD-9724-9A3D9809F52F}.Debug|Any CPU.ActiveCfg = Debug|Any CPU
		{A7403A82-8364-4BBD-9724-9A3D9809F52F}.Debug|Any CPU.Build.0 = Debug|Any CPU
		{A7403A82-8364-4BBD-9724-9A3D9809F52F}.Release|Any CPU.ActiveCfg = Release|Any CPU
		{A7403A82-8364-4BBD-9724-9A3D9809F52F}.Release|Any CPU.Build.0 = Release|Any CPU
		{A3038ED2-E50C-4037-B6B1-7D9930F70EE0}.Debug|Any CPU.ActiveCfg = Debug|Any CPU
		{A3038ED2-E50C-4037-B6B1-7D9930F70EE0}.Debug|Any CPU.Build.0 = Debug|Any CPU
		{A3038ED2-E50C-4037-B6B1-7D9930F70EE0}.Release|Any CPU.ActiveCfg = Release|Any CPU
		{A3038ED2-E50C-4037-B6B1-7D9930F70EE0}.Release|Any CPU.Build.0 = Release|Any CPU
		{2DDF0C6B-4685-47E6-AADF-C9471227EDE8}.Debug|Any CPU.ActiveCfg = Debug|Any CPU
		{2DDF0C6B-4685-47E6-AADF-C9471227EDE8}.Debug|Any CPU.Build.0 = Debug|Any CPU
		{2DDF0C6B-4685-47E6-AADF-C9471227EDE8}.Release|Any CPU.ActiveCfg = Release|Any CPU
		{2DDF0C6B-4685-47E6-AADF-C9471227EDE8}.Release|Any CPU.Build.0 = Release|Any CPU
		{48CAFEFE-3FA0-4A00-A554-D864AE42B59C}.Debug|Any CPU.ActiveCfg = Debug|Any CPU
		{48CAFEFE-3FA0-4A00-A554-D864AE42B59C}.Debug|Any CPU.Build.0 = Debug|Any CPU
		{48CAFEFE-3FA0-4A00-A554-D864AE42B59C}.Release|Any CPU.ActiveCfg = Release|Any CPU
		{48CAFEFE-3FA0-4A00-A554-D864AE42B59C}.Release|Any CPU.Build.0 = Release|Any CPU
		{D74551CB-7DA4-4B5F-9501-767EE3AEAC7F}.Debug|Any CPU.ActiveCfg = Debug|Any CPU
		{D74551CB-7DA4-4B5F-9501-767EE3AEAC7F}.Debug|Any CPU.Build.0 = Debug|Any CPU
		{D74551CB-7DA4-4B5F-9501-767EE3AEAC7F}.Release|Any CPU.ActiveCfg = Release|Any CPU
		{D74551CB-7DA4-4B5F-9501-767EE3AEAC7F}.Release|Any CPU.Build.0 = Release|Any CPU
		{24D6BC2F-1B68-440A-8FEB-B6FA8D2BF169}.Debug|Any CPU.ActiveCfg = Debug|Any CPU
		{24D6BC2F-1B68-440A-8FEB-B6FA8D2BF169}.Debug|Any CPU.Build.0 = Debug|Any CPU
		{24D6BC2F-1B68-440A-8FEB-B6FA8D2BF169}.Release|Any CPU.ActiveCfg = Release|Any CPU
		{24D6BC2F-1B68-440A-8FEB-B6FA8D2BF169}.Release|Any CPU.Build.0 = Release|Any CPU
		{DB4757E2-4E9B-4020-8A0C-208E602A02E2}.Debug|Any CPU.ActiveCfg = Debug|Any CPU
		{DB4757E2-4E9B-4020-8A0C-208E602A02E2}.Debug|Any CPU.Build.0 = Debug|Any CPU
		{DB4757E2-4E9B-4020-8A0C-208E602A02E2}.Release|Any CPU.ActiveCfg = Release|Any CPU
		{DB4757E2-4E9B-4020-8A0C-208E602A02E2}.Release|Any CPU.Build.0 = Release|Any CPU
		{9ABBB86E-D994-45D7-A303-F2E0C7589BC1}.Debug|Any CPU.ActiveCfg = Debug|Any CPU
		{9ABBB86E-D994-45D7-A303-F2E0C7589BC1}.Debug|Any CPU.Build.0 = Debug|Any CPU
		{9ABBB86E-D994-45D7-A303-F2E0C7589BC1}.Release|Any CPU.ActiveCfg = Release|Any CPU
		{9ABBB86E-D994-45D7-A303-F2E0C7589BC1}.Release|Any CPU.Build.0 = Release|Any CPU
		{ED0EB7B8-7AB6-4E70-8596-0819A016EFD4}.Debug|Any CPU.ActiveCfg = Debug|Any CPU
		{ED0EB7B8-7AB6-4E70-8596-0819A016EFD4}.Debug|Any CPU.Build.0 = Debug|Any CPU
		{ED0EB7B8-7AB6-4E70-8596-0819A016EFD4}.Release|Any CPU.ActiveCfg = Release|Any CPU
		{ED0EB7B8-7AB6-4E70-8596-0819A016EFD4}.Release|Any CPU.Build.0 = Release|Any CPU
		{7378E5BA-A091-4C22-9F5E-114F6107E268}.Debug|Any CPU.ActiveCfg = Debug|Any CPU
		{7378E5BA-A091-4C22-9F5E-114F6107E268}.Debug|Any CPU.Build.0 = Debug|Any CPU
		{7378E5BA-A091-4C22-9F5E-114F6107E268}.Release|Any CPU.ActiveCfg = Release|Any CPU
		{7378E5BA-A091-4C22-9F5E-114F6107E268}.Release|Any CPU.Build.0 = Release|Any CPU
		{2F72D733-277C-4947-BD30-294D5BC942B2}.Debug|Any CPU.ActiveCfg = Debug|Any CPU
		{2F72D733-277C-4947-BD30-294D5BC942B2}.Debug|Any CPU.Build.0 = Debug|Any CPU
		{2F72D733-277C-4947-BD30-294D5BC942B2}.Release|Any CPU.ActiveCfg = Release|Any CPU
		{2F72D733-277C-4947-BD30-294D5BC942B2}.Release|Any CPU.Build.0 = Release|Any CPU
		{27F653E9-576F-494E-9916-9F42AFAA4937}.Debug|Any CPU.ActiveCfg = Debug|Any CPU
		{27F653E9-576F-494E-9916-9F42AFAA4937}.Debug|Any CPU.Build.0 = Debug|Any CPU
		{27F653E9-576F-494E-9916-9F42AFAA4937}.Release|Any CPU.ActiveCfg = Release|Any CPU
		{27F653E9-576F-494E-9916-9F42AFAA4937}.Release|Any CPU.Build.0 = Release|Any CPU
		{90C64DDE-6340-46A9-8D68-24FA8A811B1B}.Debug|Any CPU.ActiveCfg = Debug|Any CPU
		{90C64DDE-6340-46A9-8D68-24FA8A811B1B}.Debug|Any CPU.Build.0 = Debug|Any CPU
		{90C64DDE-6340-46A9-8D68-24FA8A811B1B}.Release|Any CPU.ActiveCfg = Release|Any CPU
		{90C64DDE-6340-46A9-8D68-24FA8A811B1B}.Release|Any CPU.Build.0 = Release|Any CPU
		{56040760-FA0B-4DAD-A152-490448D123B1}.Debug|Any CPU.ActiveCfg = Debug|Any CPU
		{56040760-FA0B-4DAD-A152-490448D123B1}.Debug|Any CPU.Build.0 = Debug|Any CPU
		{56040760-FA0B-4DAD-A152-490448D123B1}.Release|Any CPU.ActiveCfg = Release|Any CPU
		{56040760-FA0B-4DAD-A152-490448D123B1}.Release|Any CPU.Build.0 = Release|Any CPU
		{CE61FB52-A479-4EB9-9643-283D1F2C0BE6}.Debug|Any CPU.ActiveCfg = Debug|Any CPU
		{CE61FB52-A479-4EB9-9643-283D1F2C0BE6}.Debug|Any CPU.Build.0 = Debug|Any CPU
		{CE61FB52-A479-4EB9-9643-283D1F2C0BE6}.Release|Any CPU.ActiveCfg = Release|Any CPU
		{CE61FB52-A479-4EB9-9643-283D1F2C0BE6}.Release|Any CPU.Build.0 = Release|Any CPU
		{0CD8FA91-1377-4F09-9CD7-CC26B43F460E}.Debug|Any CPU.ActiveCfg = Debug|Any CPU
		{0CD8FA91-1377-4F09-9CD7-CC26B43F460E}.Debug|Any CPU.Build.0 = Debug|Any CPU
		{0CD8FA91-1377-4F09-9CD7-CC26B43F460E}.Release|Any CPU.ActiveCfg = Release|Any CPU
		{0CD8FA91-1377-4F09-9CD7-CC26B43F460E}.Release|Any CPU.Build.0 = Release|Any CPU
		{39F5D1D8-CBD3-4593-9A4F-8E906CD247DF}.Debug|Any CPU.ActiveCfg = Debug|Any CPU
		{39F5D1D8-CBD3-4593-9A4F-8E906CD247DF}.Debug|Any CPU.Build.0 = Debug|Any CPU
		{39F5D1D8-CBD3-4593-9A4F-8E906CD247DF}.Release|Any CPU.ActiveCfg = Release|Any CPU
		{39F5D1D8-CBD3-4593-9A4F-8E906CD247DF}.Release|Any CPU.Build.0 = Release|Any CPU
		{F81FE63B-4F6A-4FB4-8409-1E129933048F}.Debug|Any CPU.ActiveCfg = Debug|Any CPU
		{F81FE63B-4F6A-4FB4-8409-1E129933048F}.Debug|Any CPU.Build.0 = Debug|Any CPU
		{F81FE63B-4F6A-4FB4-8409-1E129933048F}.Release|Any CPU.ActiveCfg = Release|Any CPU
		{F81FE63B-4F6A-4FB4-8409-1E129933048F}.Release|Any CPU.Build.0 = Release|Any CPU
		{5878E770-4CE3-4C3E-B817-B9A99DE23DF6}.Debug|Any CPU.ActiveCfg = Debug|Any CPU
		{5878E770-4CE3-4C3E-B817-B9A99DE23DF6}.Debug|Any CPU.Build.0 = Debug|Any CPU
		{5878E770-4CE3-4C3E-B817-B9A99DE23DF6}.Release|Any CPU.ActiveCfg = Release|Any CPU
		{5878E770-4CE3-4C3E-B817-B9A99DE23DF6}.Release|Any CPU.Build.0 = Release|Any CPU
		{353353DB-45F2-4F1B-B146-4B4BFFCD0A02}.Debug|Any CPU.ActiveCfg = Debug|Any CPU
		{353353DB-45F2-4F1B-B146-4B4BFFCD0A02}.Debug|Any CPU.Build.0 = Debug|Any CPU
		{353353DB-45F2-4F1B-B146-4B4BFFCD0A02}.Release|Any CPU.ActiveCfg = Release|Any CPU
		{353353DB-45F2-4F1B-B146-4B4BFFCD0A02}.Release|Any CPU.Build.0 = Release|Any CPU
		{2DB491F6-C2AA-467D-AB6E-E36E4C9F8521}.Debug|Any CPU.ActiveCfg = Debug|Any CPU
		{2DB491F6-C2AA-467D-AB6E-E36E4C9F8521}.Debug|Any CPU.Build.0 = Debug|Any CPU
		{2DB491F6-C2AA-467D-AB6E-E36E4C9F8521}.Release|Any CPU.ActiveCfg = Release|Any CPU
		{2DB491F6-C2AA-467D-AB6E-E36E4C9F8521}.Release|Any CPU.Build.0 = Release|Any CPU
		{389D9ADB-6033-4517-B26E-E105678091A7}.Debug|Any CPU.ActiveCfg = Debug|Any CPU
		{389D9ADB-6033-4517-B26E-E105678091A7}.Debug|Any CPU.Build.0 = Debug|Any CPU
		{389D9ADB-6033-4517-B26E-E105678091A7}.Release|Any CPU.ActiveCfg = Release|Any CPU
		{389D9ADB-6033-4517-B26E-E105678091A7}.Release|Any CPU.Build.0 = Release|Any CPU
		{94DBC491-BD38-4C4D-A1C8-2E8A907EEC12}.Debug|Any CPU.ActiveCfg = Debug|Any CPU
		{94DBC491-BD38-4C4D-A1C8-2E8A907EEC12}.Debug|Any CPU.Build.0 = Debug|Any CPU
		{94DBC491-BD38-4C4D-A1C8-2E8A907EEC12}.Release|Any CPU.ActiveCfg = Release|Any CPU
		{94DBC491-BD38-4C4D-A1C8-2E8A907EEC12}.Release|Any CPU.Build.0 = Release|Any CPU
		{5FAF9F68-6227-4C24-BA11-A88D127FCF37}.Debug|Any CPU.ActiveCfg = Debug|Any CPU
		{5FAF9F68-6227-4C24-BA11-A88D127FCF37}.Debug|Any CPU.Build.0 = Debug|Any CPU
		{5FAF9F68-6227-4C24-BA11-A88D127FCF37}.Release|Any CPU.ActiveCfg = Release|Any CPU
		{5FAF9F68-6227-4C24-BA11-A88D127FCF37}.Release|Any CPU.Build.0 = Release|Any CPU
		{17D378A3-D399-47EA-B412-BBD846A179CE}.Debug|Any CPU.ActiveCfg = Debug|Any CPU
		{17D378A3-D399-47EA-B412-BBD846A179CE}.Debug|Any CPU.Build.0 = Debug|Any CPU
		{17D378A3-D399-47EA-B412-BBD846A179CE}.Release|Any CPU.ActiveCfg = Release|Any CPU
		{17D378A3-D399-47EA-B412-BBD846A179CE}.Release|Any CPU.Build.0 = Release|Any CPU
		{EF71A30E-091F-4916-96AA-CEC771A96ACA}.Debug|Any CPU.ActiveCfg = Debug|Any CPU
		{EF71A30E-091F-4916-96AA-CEC771A96ACA}.Debug|Any CPU.Build.0 = Debug|Any CPU
		{EF71A30E-091F-4916-96AA-CEC771A96ACA}.Release|Any CPU.ActiveCfg = Release|Any CPU
		{EF71A30E-091F-4916-96AA-CEC771A96ACA}.Release|Any CPU.Build.0 = Release|Any CPU
		{0DF86EE4-DCA6-4B12-8CFD-0ED7EBA5B4CC}.Debug|Any CPU.ActiveCfg = Debug|Any CPU
		{0DF86EE4-DCA6-4B12-8CFD-0ED7EBA5B4CC}.Debug|Any CPU.Build.0 = Debug|Any CPU
		{0DF86EE4-DCA6-4B12-8CFD-0ED7EBA5B4CC}.Release|Any CPU.ActiveCfg = Release|Any CPU
		{0DF86EE4-DCA6-4B12-8CFD-0ED7EBA5B4CC}.Release|Any CPU.Build.0 = Release|Any CPU
		{6BC9C6E0-D1D0-406D-8718-8202C827BD89}.Debug|Any CPU.ActiveCfg = Debug|Any CPU
		{6BC9C6E0-D1D0-406D-8718-8202C827BD89}.Debug|Any CPU.Build.0 = Debug|Any CPU
		{6BC9C6E0-D1D0-406D-8718-8202C827BD89}.Release|Any CPU.ActiveCfg = Release|Any CPU
		{6BC9C6E0-D1D0-406D-8718-8202C827BD89}.Release|Any CPU.Build.0 = Release|Any CPU
		{EAC681AE-7BDF-4A00-B292-A62CDF5EBD2F}.Debug|Any CPU.ActiveCfg = Debug|Any CPU
		{EAC681AE-7BDF-4A00-B292-A62CDF5EBD2F}.Debug|Any CPU.Build.0 = Debug|Any CPU
		{EAC681AE-7BDF-4A00-B292-A62CDF5EBD2F}.Release|Any CPU.ActiveCfg = Release|Any CPU
		{EAC681AE-7BDF-4A00-B292-A62CDF5EBD2F}.Release|Any CPU.Build.0 = Release|Any CPU
		{76092AE5-868C-4231-AE6E-3FCEA2C6D8AA}.Debug|Any CPU.ActiveCfg = Debug|Any CPU
		{76092AE5-868C-4231-AE6E-3FCEA2C6D8AA}.Debug|Any CPU.Build.0 = Debug|Any CPU
		{76092AE5-868C-4231-AE6E-3FCEA2C6D8AA}.Release|Any CPU.ActiveCfg = Release|Any CPU
		{76092AE5-868C-4231-AE6E-3FCEA2C6D8AA}.Release|Any CPU.Build.0 = Release|Any CPU
		{1F60F59E-7AE1-49F1-961D-AAF532A1E639}.Debug|Any CPU.ActiveCfg = Debug|Any CPU
		{1F60F59E-7AE1-49F1-961D-AAF532A1E639}.Debug|Any CPU.Build.0 = Debug|Any CPU
		{1F60F59E-7AE1-49F1-961D-AAF532A1E639}.Release|Any CPU.ActiveCfg = Release|Any CPU
		{1F60F59E-7AE1-49F1-961D-AAF532A1E639}.Release|Any CPU.Build.0 = Release|Any CPU
		{9EC4DCE6-7953-41DD-AA82-63E5189F6433}.Debug|Any CPU.ActiveCfg = Debug|Any CPU
		{9EC4DCE6-7953-41DD-AA82-63E5189F6433}.Debug|Any CPU.Build.0 = Debug|Any CPU
		{9EC4DCE6-7953-41DD-AA82-63E5189F6433}.Release|Any CPU.ActiveCfg = Release|Any CPU
		{9EC4DCE6-7953-41DD-AA82-63E5189F6433}.Release|Any CPU.Build.0 = Release|Any CPU
		{E7E3E9F9-F1BD-4715-AB2D-19B4BC6956F2}.Debug|Any CPU.ActiveCfg = Debug|Any CPU
		{E7E3E9F9-F1BD-4715-AB2D-19B4BC6956F2}.Debug|Any CPU.Build.0 = Debug|Any CPU
		{E7E3E9F9-F1BD-4715-AB2D-19B4BC6956F2}.Release|Any CPU.ActiveCfg = Release|Any CPU
		{E7E3E9F9-F1BD-4715-AB2D-19B4BC6956F2}.Release|Any CPU.Build.0 = Release|Any CPU
		{49DD19AB-C3BD-41CE-B144-C80F1B5DD8D5}.Debug|Any CPU.ActiveCfg = Debug|Any CPU
		{49DD19AB-C3BD-41CE-B144-C80F1B5DD8D5}.Debug|Any CPU.Build.0 = Debug|Any CPU
		{49DD19AB-C3BD-41CE-B144-C80F1B5DD8D5}.Release|Any CPU.ActiveCfg = Release|Any CPU
		{49DD19AB-C3BD-41CE-B144-C80F1B5DD8D5}.Release|Any CPU.Build.0 = Release|Any CPU
		{8EACA1CE-8D77-4C05-8B55-25194FB8420B}.Debug|Any CPU.ActiveCfg = Debug|Any CPU
		{8EACA1CE-8D77-4C05-8B55-25194FB8420B}.Debug|Any CPU.Build.0 = Debug|Any CPU
		{8EACA1CE-8D77-4C05-8B55-25194FB8420B}.Release|Any CPU.ActiveCfg = Release|Any CPU
		{8EACA1CE-8D77-4C05-8B55-25194FB8420B}.Release|Any CPU.Build.0 = Release|Any CPU
		{D48D3A46-5537-44D1-868D-34BC24F9164E}.Debug|Any CPU.ActiveCfg = Debug|Any CPU
		{D48D3A46-5537-44D1-868D-34BC24F9164E}.Debug|Any CPU.Build.0 = Debug|Any CPU
		{D48D3A46-5537-44D1-868D-34BC24F9164E}.Release|Any CPU.ActiveCfg = Release|Any CPU
		{D48D3A46-5537-44D1-868D-34BC24F9164E}.Release|Any CPU.Build.0 = Release|Any CPU
		{0C363DCF-2F6C-48FE-9C9B-8579D15D1A48}.Debug|Any CPU.ActiveCfg = Debug|Any CPU
		{0C363DCF-2F6C-48FE-9C9B-8579D15D1A48}.Debug|Any CPU.Build.0 = Debug|Any CPU
		{0C363DCF-2F6C-48FE-9C9B-8579D15D1A48}.Release|Any CPU.ActiveCfg = Release|Any CPU
		{0C363DCF-2F6C-48FE-9C9B-8579D15D1A48}.Release|Any CPU.Build.0 = Release|Any CPU
		{2C10123C-371B-4DA6-BAA1-FFD29D6708E7}.Debug|Any CPU.ActiveCfg = Debug|Any CPU
		{2C10123C-371B-4DA6-BAA1-FFD29D6708E7}.Debug|Any CPU.Build.0 = Debug|Any CPU
		{2C10123C-371B-4DA6-BAA1-FFD29D6708E7}.Release|Any CPU.ActiveCfg = Release|Any CPU
		{2C10123C-371B-4DA6-BAA1-FFD29D6708E7}.Release|Any CPU.Build.0 = Release|Any CPU
		{8BB78EBF-D74D-4805-8447-0F1632A60BFF}.Debug|Any CPU.ActiveCfg = Debug|Any CPU
		{8BB78EBF-D74D-4805-8447-0F1632A60BFF}.Debug|Any CPU.Build.0 = Debug|Any CPU
		{8BB78EBF-D74D-4805-8447-0F1632A60BFF}.Release|Any CPU.ActiveCfg = Release|Any CPU
		{8BB78EBF-D74D-4805-8447-0F1632A60BFF}.Release|Any CPU.Build.0 = Release|Any CPU
		{FCFBC107-309E-4721-817B-22B7E68FB6A9}.Debug|Any CPU.ActiveCfg = Debug|Any CPU
		{FCFBC107-309E-4721-817B-22B7E68FB6A9}.Debug|Any CPU.Build.0 = Debug|Any CPU
		{FCFBC107-309E-4721-817B-22B7E68FB6A9}.Release|Any CPU.ActiveCfg = Release|Any CPU
		{FCFBC107-309E-4721-817B-22B7E68FB6A9}.Release|Any CPU.Build.0 = Release|Any CPU
		{266F2B0A-BF83-4779-8B96-82C6519D5CF8}.Debug|Any CPU.ActiveCfg = Debug|Any CPU
		{266F2B0A-BF83-4779-8B96-82C6519D5CF8}.Debug|Any CPU.Build.0 = Debug|Any CPU
		{266F2B0A-BF83-4779-8B96-82C6519D5CF8}.Release|Any CPU.ActiveCfg = Release|Any CPU
		{266F2B0A-BF83-4779-8B96-82C6519D5CF8}.Release|Any CPU.Build.0 = Release|Any CPU
		{92D01211-EF29-4356-A4FB-BD97FC027180}.Debug|Any CPU.ActiveCfg = Debug|Any CPU
		{92D01211-EF29-4356-A4FB-BD97FC027180}.Debug|Any CPU.Build.0 = Debug|Any CPU
		{92D01211-EF29-4356-A4FB-BD97FC027180}.Release|Any CPU.ActiveCfg = Release|Any CPU
		{92D01211-EF29-4356-A4FB-BD97FC027180}.Release|Any CPU.Build.0 = Release|Any CPU
		{F9821361-70AE-4ED3-B596-874F95487545}.Debug|Any CPU.ActiveCfg = Debug|Any CPU
		{F9821361-70AE-4ED3-B596-874F95487545}.Debug|Any CPU.Build.0 = Debug|Any CPU
		{F9821361-70AE-4ED3-B596-874F95487545}.Release|Any CPU.ActiveCfg = Release|Any CPU
		{F9821361-70AE-4ED3-B596-874F95487545}.Release|Any CPU.Build.0 = Release|Any CPU
		{5D0CFBC0-478D-4048-9737-DE26712C5DF1}.Debug|Any CPU.ActiveCfg = Debug|Any CPU
		{5D0CFBC0-478D-4048-9737-DE26712C5DF1}.Debug|Any CPU.Build.0 = Debug|Any CPU
		{5D0CFBC0-478D-4048-9737-DE26712C5DF1}.Release|Any CPU.ActiveCfg = Release|Any CPU
		{5D0CFBC0-478D-4048-9737-DE26712C5DF1}.Release|Any CPU.Build.0 = Release|Any CPU
		{08A5BC6D-6C77-489B-8E5A-74AE5002B120}.Debug|Any CPU.ActiveCfg = Debug|Any CPU
		{08A5BC6D-6C77-489B-8E5A-74AE5002B120}.Debug|Any CPU.Build.0 = Debug|Any CPU
		{08A5BC6D-6C77-489B-8E5A-74AE5002B120}.Release|Any CPU.ActiveCfg = Release|Any CPU
		{08A5BC6D-6C77-489B-8E5A-74AE5002B120}.Release|Any CPU.Build.0 = Release|Any CPU
		{15EB54DC-C429-4C28-A439-A2D88BF79FF3}.Debug|Any CPU.ActiveCfg = Debug|Any CPU
		{15EB54DC-C429-4C28-A439-A2D88BF79FF3}.Debug|Any CPU.Build.0 = Debug|Any CPU
		{15EB54DC-C429-4C28-A439-A2D88BF79FF3}.Release|Any CPU.ActiveCfg = Release|Any CPU
		{15EB54DC-C429-4C28-A439-A2D88BF79FF3}.Release|Any CPU.Build.0 = Release|Any CPU
		{CD8531DB-36D3-4A06-998B-5AAE66161F2E}.Debug|Any CPU.ActiveCfg = Debug|Any CPU
		{CD8531DB-36D3-4A06-998B-5AAE66161F2E}.Debug|Any CPU.Build.0 = Debug|Any CPU
		{CD8531DB-36D3-4A06-998B-5AAE66161F2E}.Release|Any CPU.ActiveCfg = Release|Any CPU
		{CD8531DB-36D3-4A06-998B-5AAE66161F2E}.Release|Any CPU.Build.0 = Release|Any CPU
		{E3799FB0-2C3A-4B09-A7FE-E12D3E76D9D0}.Debug|Any CPU.ActiveCfg = Debug|Any CPU
		{E3799FB0-2C3A-4B09-A7FE-E12D3E76D9D0}.Debug|Any CPU.Build.0 = Debug|Any CPU
		{E3799FB0-2C3A-4B09-A7FE-E12D3E76D9D0}.Release|Any CPU.ActiveCfg = Release|Any CPU
		{E3799FB0-2C3A-4B09-A7FE-E12D3E76D9D0}.Release|Any CPU.Build.0 = Release|Any CPU
		{A61541D0-48DC-4C95-8A54-540F41D05E74}.Debug|Any CPU.ActiveCfg = Debug|Any CPU
		{A61541D0-48DC-4C95-8A54-540F41D05E74}.Debug|Any CPU.Build.0 = Debug|Any CPU
		{A61541D0-48DC-4C95-8A54-540F41D05E74}.Release|Any CPU.ActiveCfg = Release|Any CPU
		{A61541D0-48DC-4C95-8A54-540F41D05E74}.Release|Any CPU.Build.0 = Release|Any CPU
		{3075C417-C726-493E-AD2E-46D748FB5F70}.Debug|Any CPU.ActiveCfg = Debug|Any CPU
		{3075C417-C726-493E-AD2E-46D748FB5F70}.Debug|Any CPU.Build.0 = Debug|Any CPU
		{3075C417-C726-493E-AD2E-46D748FB5F70}.Release|Any CPU.ActiveCfg = Release|Any CPU
		{3075C417-C726-493E-AD2E-46D748FB5F70}.Release|Any CPU.Build.0 = Release|Any CPU
		{D7E9C9F6-8630-4692-B2AD-B698D822FFCC}.Debug|Any CPU.ActiveCfg = Debug|Any CPU
		{D7E9C9F6-8630-4692-B2AD-B698D822FFCC}.Debug|Any CPU.Build.0 = Debug|Any CPU
		{D7E9C9F6-8630-4692-B2AD-B698D822FFCC}.Release|Any CPU.ActiveCfg = Release|Any CPU
		{D7E9C9F6-8630-4692-B2AD-B698D822FFCC}.Release|Any CPU.Build.0 = Release|Any CPU
		{F3969F05-6A4E-4340-9A17-007A7F96BACF}.Debug|Any CPU.ActiveCfg = Debug|Any CPU
		{F3969F05-6A4E-4340-9A17-007A7F96BACF}.Debug|Any CPU.Build.0 = Debug|Any CPU
		{F3969F05-6A4E-4340-9A17-007A7F96BACF}.Release|Any CPU.ActiveCfg = Release|Any CPU
		{F3969F05-6A4E-4340-9A17-007A7F96BACF}.Release|Any CPU.Build.0 = Release|Any CPU
		{495A6091-1318-439D-A542-CC1DD19FC64C}.Debug|Any CPU.ActiveCfg = Debug|Any CPU
		{495A6091-1318-439D-A542-CC1DD19FC64C}.Debug|Any CPU.Build.0 = Debug|Any CPU
		{495A6091-1318-439D-A542-CC1DD19FC64C}.Release|Any CPU.ActiveCfg = Release|Any CPU
		{495A6091-1318-439D-A542-CC1DD19FC64C}.Release|Any CPU.Build.0 = Release|Any CPU
		{F7F296CE-7D24-4F83-86C4-78A47DA8F883}.Debug|Any CPU.ActiveCfg = Debug|Any CPU
		{F7F296CE-7D24-4F83-86C4-78A47DA8F883}.Debug|Any CPU.Build.0 = Debug|Any CPU
		{F7F296CE-7D24-4F83-86C4-78A47DA8F883}.Release|Any CPU.ActiveCfg = Release|Any CPU
		{F7F296CE-7D24-4F83-86C4-78A47DA8F883}.Release|Any CPU.Build.0 = Release|Any CPU
		{C5D54C57-199E-42A9-90DE-2C3D9F910800}.Debug|Any CPU.ActiveCfg = Debug|Any CPU
		{C5D54C57-199E-42A9-90DE-2C3D9F910800}.Debug|Any CPU.Build.0 = Debug|Any CPU
		{C5D54C57-199E-42A9-90DE-2C3D9F910800}.Release|Any CPU.ActiveCfg = Release|Any CPU
		{C5D54C57-199E-42A9-90DE-2C3D9F910800}.Release|Any CPU.Build.0 = Release|Any CPU
		{A7883EF6-0368-4C86-8F27-EE56BF81FD91}.Debug|Any CPU.ActiveCfg = Debug|Any CPU
		{A7883EF6-0368-4C86-8F27-EE56BF81FD91}.Debug|Any CPU.Build.0 = Debug|Any CPU
		{A7883EF6-0368-4C86-8F27-EE56BF81FD91}.Release|Any CPU.ActiveCfg = Release|Any CPU
		{A7883EF6-0368-4C86-8F27-EE56BF81FD91}.Release|Any CPU.Build.0 = Release|Any CPU
		{7A7ECD89-E4FA-4F19-9DEE-05886146699C}.Debug|Any CPU.ActiveCfg = Debug|Any CPU
		{7A7ECD89-E4FA-4F19-9DEE-05886146699C}.Debug|Any CPU.Build.0 = Debug|Any CPU
		{7A7ECD89-E4FA-4F19-9DEE-05886146699C}.Release|Any CPU.ActiveCfg = Release|Any CPU
		{7A7ECD89-E4FA-4F19-9DEE-05886146699C}.Release|Any CPU.Build.0 = Release|Any CPU
		{3ACB792A-210C-4665-BA2D-46CCC574B089}.Debug|Any CPU.ActiveCfg = Debug|Any CPU
		{3ACB792A-210C-4665-BA2D-46CCC574B089}.Debug|Any CPU.Build.0 = Debug|Any CPU
		{3ACB792A-210C-4665-BA2D-46CCC574B089}.Release|Any CPU.ActiveCfg = Release|Any CPU
		{3ACB792A-210C-4665-BA2D-46CCC574B089}.Release|Any CPU.Build.0 = Release|Any CPU
		{25FFF627-AAEB-4D1D-9787-A09DC9EA6FF5}.Debug|Any CPU.ActiveCfg = Debug|Any CPU
		{25FFF627-AAEB-4D1D-9787-A09DC9EA6FF5}.Debug|Any CPU.Build.0 = Debug|Any CPU
		{25FFF627-AAEB-4D1D-9787-A09DC9EA6FF5}.Release|Any CPU.ActiveCfg = Release|Any CPU
		{25FFF627-AAEB-4D1D-9787-A09DC9EA6FF5}.Release|Any CPU.Build.0 = Release|Any CPU
		{1E0A0109-1369-462A-B716-0506EB9217D4}.Debug|Any CPU.ActiveCfg = Debug|Any CPU
		{1E0A0109-1369-462A-B716-0506EB9217D4}.Debug|Any CPU.Build.0 = Debug|Any CPU
		{1E0A0109-1369-462A-B716-0506EB9217D4}.Release|Any CPU.ActiveCfg = Release|Any CPU
		{1E0A0109-1369-462A-B716-0506EB9217D4}.Release|Any CPU.Build.0 = Release|Any CPU
		{FA08CDD8-1868-4B90-BAF3-6EE014FC2F45}.Debug|Any CPU.ActiveCfg = Debug|Any CPU
		{FA08CDD8-1868-4B90-BAF3-6EE014FC2F45}.Debug|Any CPU.Build.0 = Debug|Any CPU
		{FA08CDD8-1868-4B90-BAF3-6EE014FC2F45}.Release|Any CPU.ActiveCfg = Release|Any CPU
		{FA08CDD8-1868-4B90-BAF3-6EE014FC2F45}.Release|Any CPU.Build.0 = Release|Any CPU
		{A68B9757-4BB8-408A-9E73-027A7CD343E4}.Debug|Any CPU.ActiveCfg = Debug|Any CPU
		{A68B9757-4BB8-408A-9E73-027A7CD343E4}.Debug|Any CPU.Build.0 = Debug|Any CPU
		{A68B9757-4BB8-408A-9E73-027A7CD343E4}.Release|Any CPU.ActiveCfg = Release|Any CPU
		{A68B9757-4BB8-408A-9E73-027A7CD343E4}.Release|Any CPU.Build.0 = Release|Any CPU
		{8E819079-82B5-495F-BC0C-03D6D882F0C9}.Debug|Any CPU.ActiveCfg = Debug|Any CPU
		{8E819079-82B5-495F-BC0C-03D6D882F0C9}.Debug|Any CPU.Build.0 = Debug|Any CPU
		{8E819079-82B5-495F-BC0C-03D6D882F0C9}.Release|Any CPU.ActiveCfg = Release|Any CPU
		{8E819079-82B5-495F-BC0C-03D6D882F0C9}.Release|Any CPU.Build.0 = Release|Any CPU
		{DA2AB073-F926-4293-B56F-0987DFBC33B9}.Debug|Any CPU.ActiveCfg = Debug|Any CPU
		{DA2AB073-F926-4293-B56F-0987DFBC33B9}.Debug|Any CPU.Build.0 = Debug|Any CPU
		{DA2AB073-F926-4293-B56F-0987DFBC33B9}.Release|Any CPU.ActiveCfg = Release|Any CPU
		{DA2AB073-F926-4293-B56F-0987DFBC33B9}.Release|Any CPU.Build.0 = Release|Any CPU
		{97E7CB7A-94B0-494B-9DBB-E188FFB834F2}.Debug|Any CPU.ActiveCfg = Debug|Any CPU
		{97E7CB7A-94B0-494B-9DBB-E188FFB834F2}.Debug|Any CPU.Build.0 = Debug|Any CPU
		{97E7CB7A-94B0-494B-9DBB-E188FFB834F2}.Release|Any CPU.ActiveCfg = Release|Any CPU
		{97E7CB7A-94B0-494B-9DBB-E188FFB834F2}.Release|Any CPU.Build.0 = Release|Any CPU
		{4C361AA6-101D-4ADE-B2C7-E79D5C9319AF}.Debug|Any CPU.ActiveCfg = Debug|Any CPU
		{4C361AA6-101D-4ADE-B2C7-E79D5C9319AF}.Debug|Any CPU.Build.0 = Debug|Any CPU
		{4C361AA6-101D-4ADE-B2C7-E79D5C9319AF}.Release|Any CPU.ActiveCfg = Release|Any CPU
		{4C361AA6-101D-4ADE-B2C7-E79D5C9319AF}.Release|Any CPU.Build.0 = Release|Any CPU
		{860634E6-7FF8-4B8A-A422-7209FEDF020A}.Debug|Any CPU.ActiveCfg = Debug|Any CPU
		{860634E6-7FF8-4B8A-A422-7209FEDF020A}.Debug|Any CPU.Build.0 = Debug|Any CPU
		{860634E6-7FF8-4B8A-A422-7209FEDF020A}.Release|Any CPU.ActiveCfg = Release|Any CPU
		{860634E6-7FF8-4B8A-A422-7209FEDF020A}.Release|Any CPU.Build.0 = Release|Any CPU
		{30F4C096-37D8-4DE8-A472-D03643020558}.Debug|Any CPU.ActiveCfg = Debug|Any CPU
		{30F4C096-37D8-4DE8-A472-D03643020558}.Debug|Any CPU.Build.0 = Debug|Any CPU
		{30F4C096-37D8-4DE8-A472-D03643020558}.Release|Any CPU.ActiveCfg = Release|Any CPU
		{30F4C096-37D8-4DE8-A472-D03643020558}.Release|Any CPU.Build.0 = Release|Any CPU
		{039C371E-240E-42C6-A462-9E3082E51A9E}.Debug|Any CPU.ActiveCfg = Debug|Any CPU
		{039C371E-240E-42C6-A462-9E3082E51A9E}.Debug|Any CPU.Build.0 = Debug|Any CPU
		{039C371E-240E-42C6-A462-9E3082E51A9E}.Release|Any CPU.ActiveCfg = Release|Any CPU
		{039C371E-240E-42C6-A462-9E3082E51A9E}.Release|Any CPU.Build.0 = Release|Any CPU
		{CBA0024B-5C36-4E73-A0CB-F6A7AAB6BA4E}.Debug|Any CPU.ActiveCfg = Debug|Any CPU
		{CBA0024B-5C36-4E73-A0CB-F6A7AAB6BA4E}.Debug|Any CPU.Build.0 = Debug|Any CPU
		{CBA0024B-5C36-4E73-A0CB-F6A7AAB6BA4E}.Release|Any CPU.ActiveCfg = Release|Any CPU
		{CBA0024B-5C36-4E73-A0CB-F6A7AAB6BA4E}.Release|Any CPU.Build.0 = Release|Any CPU
		{8B2F67F0-C75E-4134-9C3B-96C6699908AF}.Debug|Any CPU.ActiveCfg = Debug|Any CPU
		{8B2F67F0-C75E-4134-9C3B-96C6699908AF}.Debug|Any CPU.Build.0 = Debug|Any CPU
		{8B2F67F0-C75E-4134-9C3B-96C6699908AF}.Release|Any CPU.ActiveCfg = Release|Any CPU
		{8B2F67F0-C75E-4134-9C3B-96C6699908AF}.Release|Any CPU.Build.0 = Release|Any CPU
		{D9146C8F-6B3D-45F5-AFFE-DC60D716C032}.Debug|Any CPU.ActiveCfg = Debug|Any CPU
		{D9146C8F-6B3D-45F5-AFFE-DC60D716C032}.Debug|Any CPU.Build.0 = Debug|Any CPU
		{D9146C8F-6B3D-45F5-AFFE-DC60D716C032}.Release|Any CPU.ActiveCfg = Release|Any CPU
		{D9146C8F-6B3D-45F5-AFFE-DC60D716C032}.Release|Any CPU.Build.0 = Release|Any CPU
		{25E30EBD-2A7B-4EBD-AD7E-B57CB07F3B0F}.Debug|Any CPU.ActiveCfg = Debug|Any CPU
		{25E30EBD-2A7B-4EBD-AD7E-B57CB07F3B0F}.Debug|Any CPU.Build.0 = Debug|Any CPU
		{25E30EBD-2A7B-4EBD-AD7E-B57CB07F3B0F}.Release|Any CPU.ActiveCfg = Release|Any CPU
		{25E30EBD-2A7B-4EBD-AD7E-B57CB07F3B0F}.Release|Any CPU.Build.0 = Release|Any CPU
		{0AEBBD3A-4A0B-491F-A15B-68D021DC8D29}.Debug|Any CPU.ActiveCfg = Debug|Any CPU
		{0AEBBD3A-4A0B-491F-A15B-68D021DC8D29}.Debug|Any CPU.Build.0 = Debug|Any CPU
		{0AEBBD3A-4A0B-491F-A15B-68D021DC8D29}.Release|Any CPU.ActiveCfg = Release|Any CPU
		{0AEBBD3A-4A0B-491F-A15B-68D021DC8D29}.Release|Any CPU.Build.0 = Release|Any CPU
		{AD85E038-8517-4E08-8038-CEAC39F5B396}.Debug|Any CPU.ActiveCfg = Debug|Any CPU
		{AD85E038-8517-4E08-8038-CEAC39F5B396}.Debug|Any CPU.Build.0 = Debug|Any CPU
		{AD85E038-8517-4E08-8038-CEAC39F5B396}.Release|Any CPU.ActiveCfg = Release|Any CPU
		{AD85E038-8517-4E08-8038-CEAC39F5B396}.Release|Any CPU.Build.0 = Release|Any CPU
		{D2681FD5-4AA6-4A51-A9E4-304BE8128558}.Debug|Any CPU.ActiveCfg = Debug|Any CPU
		{D2681FD5-4AA6-4A51-A9E4-304BE8128558}.Debug|Any CPU.Build.0 = Debug|Any CPU
		{D2681FD5-4AA6-4A51-A9E4-304BE8128558}.Release|Any CPU.ActiveCfg = Release|Any CPU
		{D2681FD5-4AA6-4A51-A9E4-304BE8128558}.Release|Any CPU.Build.0 = Release|Any CPU
		{11EBA036-75B6-4D32-B73C-B8628B9A870C}.Debug|Any CPU.ActiveCfg = Debug|Any CPU
		{11EBA036-75B6-4D32-B73C-B8628B9A870C}.Debug|Any CPU.Build.0 = Debug|Any CPU
		{11EBA036-75B6-4D32-B73C-B8628B9A870C}.Release|Any CPU.ActiveCfg = Release|Any CPU
		{11EBA036-75B6-4D32-B73C-B8628B9A870C}.Release|Any CPU.Build.0 = Release|Any CPU
		{9F50D43F-79E3-45AC-9D13-F54A6A7E65A6}.Debug|Any CPU.ActiveCfg = Debug|Any CPU
		{9F50D43F-79E3-45AC-9D13-F54A6A7E65A6}.Debug|Any CPU.Build.0 = Debug|Any CPU
		{9F50D43F-79E3-45AC-9D13-F54A6A7E65A6}.Release|Any CPU.ActiveCfg = Release|Any CPU
		{9F50D43F-79E3-45AC-9D13-F54A6A7E65A6}.Release|Any CPU.Build.0 = Release|Any CPU
		{612FC0A1-766D-450F-922D-A54CE7F73D06}.Debug|Any CPU.ActiveCfg = Debug|Any CPU
		{612FC0A1-766D-450F-922D-A54CE7F73D06}.Debug|Any CPU.Build.0 = Debug|Any CPU
		{612FC0A1-766D-450F-922D-A54CE7F73D06}.Release|Any CPU.ActiveCfg = Release|Any CPU
		{612FC0A1-766D-450F-922D-A54CE7F73D06}.Release|Any CPU.Build.0 = Release|Any CPU
		{1A65D9EC-F677-4676-A164-7B44D3FAE74A}.Debug|Any CPU.ActiveCfg = Debug|Any CPU
		{1A65D9EC-F677-4676-A164-7B44D3FAE74A}.Debug|Any CPU.Build.0 = Debug|Any CPU
		{1A65D9EC-F677-4676-A164-7B44D3FAE74A}.Release|Any CPU.ActiveCfg = Release|Any CPU
		{1A65D9EC-F677-4676-A164-7B44D3FAE74A}.Release|Any CPU.Build.0 = Release|Any CPU
		{5A05C2BB-7A4B-43F0-AF69-3F2BEBF01323}.Debug|Any CPU.ActiveCfg = Debug|Any CPU
		{5A05C2BB-7A4B-43F0-AF69-3F2BEBF01323}.Debug|Any CPU.Build.0 = Debug|Any CPU
		{5A05C2BB-7A4B-43F0-AF69-3F2BEBF01323}.Release|Any CPU.ActiveCfg = Release|Any CPU
		{5A05C2BB-7A4B-43F0-AF69-3F2BEBF01323}.Release|Any CPU.Build.0 = Release|Any CPU
		{D9146EAC-7CFA-4B1F-BDBB-3B5E10CCA543}.Debug|Any CPU.ActiveCfg = Debug|Any CPU
		{D9146EAC-7CFA-4B1F-BDBB-3B5E10CCA543}.Debug|Any CPU.Build.0 = Debug|Any CPU
		{D9146EAC-7CFA-4B1F-BDBB-3B5E10CCA543}.Release|Any CPU.ActiveCfg = Release|Any CPU
		{D9146EAC-7CFA-4B1F-BDBB-3B5E10CCA543}.Release|Any CPU.Build.0 = Release|Any CPU
		{D08BACBD-9B69-4C16-9480-1458319D75C4}.Debug|Any CPU.ActiveCfg = Debug|Any CPU
		{D08BACBD-9B69-4C16-9480-1458319D75C4}.Debug|Any CPU.Build.0 = Debug|Any CPU
		{D08BACBD-9B69-4C16-9480-1458319D75C4}.Release|Any CPU.ActiveCfg = Release|Any CPU
		{D08BACBD-9B69-4C16-9480-1458319D75C4}.Release|Any CPU.Build.0 = Release|Any CPU
		{043A3AAA-6133-4A46-8A98-1868B0730AEF}.Debug|Any CPU.ActiveCfg = Debug|Any CPU
		{043A3AAA-6133-4A46-8A98-1868B0730AEF}.Debug|Any CPU.Build.0 = Debug|Any CPU
		{043A3AAA-6133-4A46-8A98-1868B0730AEF}.Release|Any CPU.ActiveCfg = Release|Any CPU
		{043A3AAA-6133-4A46-8A98-1868B0730AEF}.Release|Any CPU.Build.0 = Release|Any CPU
		{D3A1E557-66A1-48A9-8782-6AE292F5F63F}.Debug|Any CPU.ActiveCfg = Debug|Any CPU
		{D3A1E557-66A1-48A9-8782-6AE292F5F63F}.Debug|Any CPU.Build.0 = Debug|Any CPU
		{D3A1E557-66A1-48A9-8782-6AE292F5F63F}.Release|Any CPU.ActiveCfg = Release|Any CPU
		{D3A1E557-66A1-48A9-8782-6AE292F5F63F}.Release|Any CPU.Build.0 = Release|Any CPU
		{EAEE0005-B737-4149-9212-9A65793CFC22}.Debug|Any CPU.ActiveCfg = Debug|Any CPU
		{EAEE0005-B737-4149-9212-9A65793CFC22}.Debug|Any CPU.Build.0 = Debug|Any CPU
		{EAEE0005-B737-4149-9212-9A65793CFC22}.Release|Any CPU.ActiveCfg = Release|Any CPU
		{EAEE0005-B737-4149-9212-9A65793CFC22}.Release|Any CPU.Build.0 = Release|Any CPU
		{6D87B512-8024-48E0-B721-E0489D33609E}.Debug|Any CPU.ActiveCfg = Debug|Any CPU
		{6D87B512-8024-48E0-B721-E0489D33609E}.Debug|Any CPU.Build.0 = Debug|Any CPU
		{6D87B512-8024-48E0-B721-E0489D33609E}.Release|Any CPU.ActiveCfg = Release|Any CPU
		{6D87B512-8024-48E0-B721-E0489D33609E}.Release|Any CPU.Build.0 = Release|Any CPU
		{75E1CC5D-E443-495B-9584-4B2B0A4DAD90}.Debug|Any CPU.ActiveCfg = Debug|Any CPU
		{75E1CC5D-E443-495B-9584-4B2B0A4DAD90}.Debug|Any CPU.Build.0 = Debug|Any CPU
		{75E1CC5D-E443-495B-9584-4B2B0A4DAD90}.Release|Any CPU.ActiveCfg = Release|Any CPU
		{75E1CC5D-E443-495B-9584-4B2B0A4DAD90}.Release|Any CPU.Build.0 = Release|Any CPU
		{2E0253E9-E8B5-4786-B533-A0601EA39281}.Debug|Any CPU.ActiveCfg = Debug|Any CPU
		{2E0253E9-E8B5-4786-B533-A0601EA39281}.Debug|Any CPU.Build.0 = Debug|Any CPU
		{2E0253E9-E8B5-4786-B533-A0601EA39281}.Release|Any CPU.ActiveCfg = Release|Any CPU
		{2E0253E9-E8B5-4786-B533-A0601EA39281}.Release|Any CPU.Build.0 = Release|Any CPU
		{CBF9E0CE-35A3-4185-912C-B3670F24797A}.Debug|Any CPU.ActiveCfg = Debug|Any CPU
		{CBF9E0CE-35A3-4185-912C-B3670F24797A}.Debug|Any CPU.Build.0 = Debug|Any CPU
		{CBF9E0CE-35A3-4185-912C-B3670F24797A}.Release|Any CPU.ActiveCfg = Release|Any CPU
		{CBF9E0CE-35A3-4185-912C-B3670F24797A}.Release|Any CPU.Build.0 = Release|Any CPU
		{9B928516-92CA-4DCF-9689-FFC14F1F3617}.Debug|Any CPU.ActiveCfg = Debug|Any CPU
		{9B928516-92CA-4DCF-9689-FFC14F1F3617}.Debug|Any CPU.Build.0 = Debug|Any CPU
		{9B928516-92CA-4DCF-9689-FFC14F1F3617}.Release|Any CPU.ActiveCfg = Release|Any CPU
		{9B928516-92CA-4DCF-9689-FFC14F1F3617}.Release|Any CPU.Build.0 = Release|Any CPU
		{86FC3FFC-6C0E-4CE3-8DDC-1D133F021EEE}.Debug|Any CPU.ActiveCfg = Debug|Any CPU
		{86FC3FFC-6C0E-4CE3-8DDC-1D133F021EEE}.Debug|Any CPU.Build.0 = Debug|Any CPU
		{86FC3FFC-6C0E-4CE3-8DDC-1D133F021EEE}.Release|Any CPU.ActiveCfg = Release|Any CPU
		{86FC3FFC-6C0E-4CE3-8DDC-1D133F021EEE}.Release|Any CPU.Build.0 = Release|Any CPU
		{619D6EC0-9604-4573-AFD3-7B561E292623}.Debug|Any CPU.ActiveCfg = Debug|Any CPU
		{619D6EC0-9604-4573-AFD3-7B561E292623}.Debug|Any CPU.Build.0 = Debug|Any CPU
		{619D6EC0-9604-4573-AFD3-7B561E292623}.Release|Any CPU.ActiveCfg = Release|Any CPU
		{619D6EC0-9604-4573-AFD3-7B561E292623}.Release|Any CPU.Build.0 = Release|Any CPU
		{1D7B7E85-FB52-4457-9F9F-2C5827301175}.Debug|Any CPU.ActiveCfg = Debug|Any CPU
		{1D7B7E85-FB52-4457-9F9F-2C5827301175}.Debug|Any CPU.Build.0 = Debug|Any CPU
		{1D7B7E85-FB52-4457-9F9F-2C5827301175}.Release|Any CPU.ActiveCfg = Release|Any CPU
		{1D7B7E85-FB52-4457-9F9F-2C5827301175}.Release|Any CPU.Build.0 = Release|Any CPU
		{654B81FF-3472-4579-B159-389D4A4CFADE}.Debug|Any CPU.ActiveCfg = Debug|Any CPU
		{654B81FF-3472-4579-B159-389D4A4CFADE}.Debug|Any CPU.Build.0 = Debug|Any CPU
		{654B81FF-3472-4579-B159-389D4A4CFADE}.Release|Any CPU.ActiveCfg = Release|Any CPU
		{654B81FF-3472-4579-B159-389D4A4CFADE}.Release|Any CPU.Build.0 = Release|Any CPU
		{37C027DF-61F2-48D5-89DE-4E525C29AEDC}.Debug|Any CPU.ActiveCfg = Debug|Any CPU
		{37C027DF-61F2-48D5-89DE-4E525C29AEDC}.Debug|Any CPU.Build.0 = Debug|Any CPU
		{37C027DF-61F2-48D5-89DE-4E525C29AEDC}.Release|Any CPU.ActiveCfg = Release|Any CPU
		{37C027DF-61F2-48D5-89DE-4E525C29AEDC}.Release|Any CPU.Build.0 = Release|Any CPU
		{1A8CC1FC-EA7C-46C3-9FEE-FA6F12B9D1D8}.Debug|Any CPU.ActiveCfg = Debug|Any CPU
		{1A8CC1FC-EA7C-46C3-9FEE-FA6F12B9D1D8}.Debug|Any CPU.Build.0 = Debug|Any CPU
		{1A8CC1FC-EA7C-46C3-9FEE-FA6F12B9D1D8}.Release|Any CPU.ActiveCfg = Release|Any CPU
		{1A8CC1FC-EA7C-46C3-9FEE-FA6F12B9D1D8}.Release|Any CPU.Build.0 = Release|Any CPU
		{692F15C3-0AE4-4D1D-93D2-FC180AEB904F}.Debug|Any CPU.ActiveCfg = Debug|Any CPU
		{692F15C3-0AE4-4D1D-93D2-FC180AEB904F}.Debug|Any CPU.Build.0 = Debug|Any CPU
		{692F15C3-0AE4-4D1D-93D2-FC180AEB904F}.Release|Any CPU.ActiveCfg = Release|Any CPU
		{692F15C3-0AE4-4D1D-93D2-FC180AEB904F}.Release|Any CPU.Build.0 = Release|Any CPU
		{4E544CD1-EDE7-4EFA-80C1-70505FF38B66}.Debug|Any CPU.ActiveCfg = Debug|Any CPU
		{4E544CD1-EDE7-4EFA-80C1-70505FF38B66}.Debug|Any CPU.Build.0 = Debug|Any CPU
		{4E544CD1-EDE7-4EFA-80C1-70505FF38B66}.Release|Any CPU.ActiveCfg = Release|Any CPU
		{4E544CD1-EDE7-4EFA-80C1-70505FF38B66}.Release|Any CPU.Build.0 = Release|Any CPU
		{851A2015-938A-44A2-9264-C54CEE1290B3}.Debug|Any CPU.ActiveCfg = Debug|Any CPU
		{851A2015-938A-44A2-9264-C54CEE1290B3}.Debug|Any CPU.Build.0 = Debug|Any CPU
		{851A2015-938A-44A2-9264-C54CEE1290B3}.Release|Any CPU.ActiveCfg = Release|Any CPU
		{851A2015-938A-44A2-9264-C54CEE1290B3}.Release|Any CPU.Build.0 = Release|Any CPU
		{0C3F93B7-D07B-46B7-A019-3A320C74C707}.Debug|Any CPU.ActiveCfg = Debug|Any CPU
		{0C3F93B7-D07B-46B7-A019-3A320C74C707}.Debug|Any CPU.Build.0 = Debug|Any CPU
		{0C3F93B7-D07B-46B7-A019-3A320C74C707}.Release|Any CPU.ActiveCfg = Release|Any CPU
		{0C3F93B7-D07B-46B7-A019-3A320C74C707}.Release|Any CPU.Build.0 = Release|Any CPU
		{AA20AB18-6C68-4007-BBD5-5DF005782E1E}.Debug|Any CPU.ActiveCfg = Debug|Any CPU
		{AA20AB18-6C68-4007-BBD5-5DF005782E1E}.Debug|Any CPU.Build.0 = Debug|Any CPU
		{AA20AB18-6C68-4007-BBD5-5DF005782E1E}.Release|Any CPU.ActiveCfg = Release|Any CPU
		{AA20AB18-6C68-4007-BBD5-5DF005782E1E}.Release|Any CPU.Build.0 = Release|Any CPU
		{CC53EC45-D1B1-4664-AFD0-F5422D923890}.Debug|Any CPU.ActiveCfg = Debug|Any CPU
		{CC53EC45-D1B1-4664-AFD0-F5422D923890}.Debug|Any CPU.Build.0 = Debug|Any CPU
		{CC53EC45-D1B1-4664-AFD0-F5422D923890}.Release|Any CPU.ActiveCfg = Release|Any CPU
		{CC53EC45-D1B1-4664-AFD0-F5422D923890}.Release|Any CPU.Build.0 = Release|Any CPU
		{EA5CB20E-FA8B-43B4-AD6A-3C4013D87E80}.Debug|Any CPU.ActiveCfg = Debug|Any CPU
		{EA5CB20E-FA8B-43B4-AD6A-3C4013D87E80}.Debug|Any CPU.Build.0 = Debug|Any CPU
		{EA5CB20E-FA8B-43B4-AD6A-3C4013D87E80}.Release|Any CPU.ActiveCfg = Release|Any CPU
		{EA5CB20E-FA8B-43B4-AD6A-3C4013D87E80}.Release|Any CPU.Build.0 = Release|Any CPU
		{7E01A1EC-4C6C-40CE-88B3-261DAC0C0AB4}.Debug|Any CPU.ActiveCfg = Debug|Any CPU
		{7E01A1EC-4C6C-40CE-88B3-261DAC0C0AB4}.Debug|Any CPU.Build.0 = Debug|Any CPU
		{7E01A1EC-4C6C-40CE-88B3-261DAC0C0AB4}.Release|Any CPU.ActiveCfg = Release|Any CPU
		{7E01A1EC-4C6C-40CE-88B3-261DAC0C0AB4}.Release|Any CPU.Build.0 = Release|Any CPU
		{9445492D-D4D5-4AA7-B7B4-D3441B072D16}.Debug|Any CPU.ActiveCfg = Debug|Any CPU
		{9445492D-D4D5-4AA7-B7B4-D3441B072D16}.Debug|Any CPU.Build.0 = Debug|Any CPU
		{9445492D-D4D5-4AA7-B7B4-D3441B072D16}.Release|Any CPU.ActiveCfg = Release|Any CPU
		{9445492D-D4D5-4AA7-B7B4-D3441B072D16}.Release|Any CPU.Build.0 = Release|Any CPU
		{A6B3A62D-1DAF-4E58-B2FB-D2B58E133A90}.Debug|Any CPU.ActiveCfg = Debug|Any CPU
		{A6B3A62D-1DAF-4E58-B2FB-D2B58E133A90}.Debug|Any CPU.Build.0 = Debug|Any CPU
		{A6B3A62D-1DAF-4E58-B2FB-D2B58E133A90}.Release|Any CPU.ActiveCfg = Release|Any CPU
		{A6B3A62D-1DAF-4E58-B2FB-D2B58E133A90}.Release|Any CPU.Build.0 = Release|Any CPU
		{31EDAFA1-5EB0-4A48-80C4-5AD97695751D}.Debug|Any CPU.ActiveCfg = Debug|Any CPU
		{31EDAFA1-5EB0-4A48-80C4-5AD97695751D}.Debug|Any CPU.Build.0 = Debug|Any CPU
		{31EDAFA1-5EB0-4A48-80C4-5AD97695751D}.Release|Any CPU.ActiveCfg = Release|Any CPU
		{31EDAFA1-5EB0-4A48-80C4-5AD97695751D}.Release|Any CPU.Build.0 = Release|Any CPU
		{4D6FD549-C1E5-40C3-8AA3-917E699A3C3C}.Debug|Any CPU.ActiveCfg = Debug|Any CPU
		{4D6FD549-C1E5-40C3-8AA3-917E699A3C3C}.Debug|Any CPU.Build.0 = Debug|Any CPU
		{4D6FD549-C1E5-40C3-8AA3-917E699A3C3C}.Release|Any CPU.ActiveCfg = Release|Any CPU
		{4D6FD549-C1E5-40C3-8AA3-917E699A3C3C}.Release|Any CPU.Build.0 = Release|Any CPU
		{F902C19C-9712-47BF-AE8D-274CE2B4DF9E}.Debug|Any CPU.ActiveCfg = Debug|Any CPU
		{F902C19C-9712-47BF-AE8D-274CE2B4DF9E}.Debug|Any CPU.Build.0 = Debug|Any CPU
		{F902C19C-9712-47BF-AE8D-274CE2B4DF9E}.Release|Any CPU.ActiveCfg = Release|Any CPU
		{F902C19C-9712-47BF-AE8D-274CE2B4DF9E}.Release|Any CPU.Build.0 = Release|Any CPU
		{0774DE9E-7827-4983-BA39-5E70F84ADAA4}.Debug|Any CPU.ActiveCfg = Debug|Any CPU
		{0774DE9E-7827-4983-BA39-5E70F84ADAA4}.Debug|Any CPU.Build.0 = Debug|Any CPU
		{0774DE9E-7827-4983-BA39-5E70F84ADAA4}.Release|Any CPU.ActiveCfg = Release|Any CPU
		{0774DE9E-7827-4983-BA39-5E70F84ADAA4}.Release|Any CPU.Build.0 = Release|Any CPU
		{59BDCFAE-B8AD-4355-808B-EA122DDB0D6E}.Debug|Any CPU.ActiveCfg = Debug|Any CPU
		{59BDCFAE-B8AD-4355-808B-EA122DDB0D6E}.Debug|Any CPU.Build.0 = Debug|Any CPU
		{59BDCFAE-B8AD-4355-808B-EA122DDB0D6E}.Release|Any CPU.ActiveCfg = Release|Any CPU
		{59BDCFAE-B8AD-4355-808B-EA122DDB0D6E}.Release|Any CPU.Build.0 = Release|Any CPU
	EndGlobalSection
EndGlobal
